// !$*UTF8*$!
{
	archiveVersion = 1;
	classes = {
	};
	objectVersion = 46;
	objects = {

/* Begin PBXBuildFile section */
		1827B4061D48082300F6A24B /* AppDelegate.swift in Sources */ = {isa = PBXBuildFile; fileRef = 1827B4051D48082300F6A24B /* AppDelegate.swift */; };
		1827B4081D48082300F6A24B /* ViewController.swift in Sources */ = {isa = PBXBuildFile; fileRef = 1827B4071D48082300F6A24B /* ViewController.swift */; };
		1827B40B1D48082300F6A24B /* Main.storyboard in Resources */ = {isa = PBXBuildFile; fileRef = 1827B4091D48082300F6A24B /* Main.storyboard */; };
		1827B40D1D48082300F6A24B /* Assets.xcassets in Resources */ = {isa = PBXBuildFile; fileRef = 1827B40C1D48082300F6A24B /* Assets.xcassets */; };
		1827B4101D48082300F6A24B /* LaunchScreen.storyboard in Resources */ = {isa = PBXBuildFile; fileRef = 1827B40E1D48082300F6A24B /* LaunchScreen.storyboard */; };
		1827B41A1D48093C00F6A24B /* SourceSansPro-Bold.ttf in Resources */ = {isa = PBXBuildFile; fileRef = 1827B4171D48093C00F6A24B /* SourceSansPro-Bold.ttf */; };
		1827B41B1D48093C00F6A24B /* SourceSansPro-Light.ttf in Resources */ = {isa = PBXBuildFile; fileRef = 1827B4181D48093C00F6A24B /* SourceSansPro-Light.ttf */; };
		1827B41C1D48093C00F6A24B /* SourceSansPro-Regular.ttf in Resources */ = {isa = PBXBuildFile; fileRef = 1827B4191D48093C00F6A24B /* SourceSansPro-Regular.ttf */; };
/* End PBXBuildFile section */

/* Begin PBXFileReference section */
		1827B4021D48082300F6A24B /* CustomFontAtributtedTextBug.app */ = {isa = PBXFileReference; explicitFileType = wrapper.application; includeInIndex = 0; path = CustomFontAtributtedTextBug.app; sourceTree = BUILT_PRODUCTS_DIR; };
		1827B4051D48082300F6A24B /* AppDelegate.swift */ = {isa = PBXFileReference; lastKnownFileType = sourcecode.swift; path = AppDelegate.swift; sourceTree = "<group>"; };
		1827B4071D48082300F6A24B /* ViewController.swift */ = {isa = PBXFileReference; lastKnownFileType = sourcecode.swift; path = ViewController.swift; sourceTree = "<group>"; };
		1827B40A1D48082300F6A24B /* Base */ = {isa = PBXFileReference; lastKnownFileType = file.storyboard; name = Base; path = Base.lproj/Main.storyboard; sourceTree = "<group>"; };
		1827B40C1D48082300F6A24B /* Assets.xcassets */ = {isa = PBXFileReference; lastKnownFileType = folder.assetcatalog; path = Assets.xcassets; sourceTree = "<group>"; };
		1827B40F1D48082300F6A24B /* Base */ = {isa = PBXFileReference; lastKnownFileType = file.storyboard; name = Base; path = Base.lproj/LaunchScreen.storyboard; sourceTree = "<group>"; };
		1827B4111D48082300F6A24B /* Info.plist */ = {isa = PBXFileReference; lastKnownFileType = text.plist.xml; path = Info.plist; sourceTree = "<group>"; };
		1827B4171D48093C00F6A24B /* SourceSansPro-Bold.ttf */ = {isa = PBXFileReference; lastKnownFileType = file; path = "SourceSansPro-Bold.ttf"; sourceTree = "<group>"; };
		1827B4181D48093C00F6A24B /* SourceSansPro-Light.ttf */ = {isa = PBXFileReference; lastKnownFileType = file; path = "SourceSansPro-Light.ttf"; sourceTree = "<group>"; };
		1827B4191D48093C00F6A24B /* SourceSansPro-Regular.ttf */ = {isa = PBXFileReference; lastKnownFileType = file; path = "SourceSansPro-Regular.ttf"; sourceTree = "<group>"; };
/* End PBXFileReference section */

/* Begin PBXFrameworksBuildPhase section */
		1827B3FF1D48082300F6A24B /* Frameworks */ = {
			isa = PBXFrameworksBuildPhase;
			buildActionMask = 2147483647;
			files = (
			);
			runOnlyForDeploymentPostprocessing = 0;
		};
/* End PBXFrameworksBuildPhase section */

/* Begin PBXGroup section */
		1827B3F91D48082200F6A24B = {
			isa = PBXGroup;
			children = (
				1827B4041D48082300F6A24B /* CustomFontAtributtedTextBug */,
				1827B4031D48082300F6A24B /* Products */,
			);
			sourceTree = "<group>";
		};
		1827B4031D48082300F6A24B /* Products */ = {
			isa = PBXGroup;
			children = (
				1827B4021D48082300F6A24B /* CustomFontAtributtedTextBug.app */,
			);
			name = Products;
			sourceTree = "<group>";
		};
		1827B4041D48082300F6A24B /* CustomFontAtributtedTextBug */ = {
			isa = PBXGroup;
			children = (
				1827B4171D48093C00F6A24B /* SourceSansPro-Bold.ttf */,
				1827B4181D48093C00F6A24B /* SourceSansPro-Light.ttf */,
				1827B4191D48093C00F6A24B /* SourceSansPro-Regular.ttf */,
				1827B4051D48082300F6A24B /* AppDelegate.swift */,
				1827B4071D48082300F6A24B /* ViewController.swift */,
				1827B4091D48082300F6A24B /* Main.storyboard */,
				1827B40C1D48082300F6A24B /* Assets.xcassets */,
				1827B40E1D48082300F6A24B /* LaunchScreen.storyboard */,
				1827B4111D48082300F6A24B /* Info.plist */,
			);
			path = CustomFontAtributtedTextBug;
			sourceTree = "<group>";
		};
/* End PBXGroup section */

/* Begin PBXNativeTarget section */
		1827B4011D48082300F6A24B /* CustomFontAtributtedTextBug */ = {
			isa = PBXNativeTarget;
			buildConfigurationList = 1827B4141D48082300F6A24B /* Build configuration list for PBXNativeTarget "CustomFontAtributtedTextBug" */;
			buildPhases = (
				1827B3FE1D48082300F6A24B /* Sources */,
				1827B3FF1D48082300F6A24B /* Frameworks */,
				1827B4001D48082300F6A24B /* Resources */,
			);
			buildRules = (
			);
			dependencies = (
			);
			name = CustomFontAtributtedTextBug;
			productName = CustomFontAtributtedTextBug;
			productReference = 1827B4021D48082300F6A24B /* CustomFontAtributtedTextBug.app */;
			productType = "com.apple.product-type.application";
		};
/* End PBXNativeTarget section */

/* Begin PBXProject section */
		1827B3FA1D48082200F6A24B /* Project object */ = {
			isa = PBXProject;
			attributes = {
				LastSwiftUpdateCheck = 0730;
				LastUpgradeCheck = 0730;
				ORGANIZATIONNAME = "Cedulio Cezar";
				TargetAttributes = {
					1827B4011D48082300F6A24B = {
						CreatedOnToolsVersion = 7.3.1;
					};
				};
			};
			buildConfigurationList = 1827B3FD1D48082200F6A24B /* Build configuration list for PBXProject "CustomFontAtributtedTextBug" */;
			compatibilityVersion = "Xcode 3.2";
			developmentRegion = English;
			hasScannedForEncodings = 0;
			knownRegions = (
				en,
				Base,
			);
			mainGroup = 1827B3F91D48082200F6A24B;
			productRefGroup = 1827B4031D48082300F6A24B /* Products */;
			projectDirPath = "";
			projectRoot = "";
			targets = (
				1827B4011D48082300F6A24B /* CustomFontAtributtedTextBug */,
			);
		};
/* End PBXProject section */

/* Begin PBXResourcesBuildPhase section */
		1827B4001D48082300F6A24B /* Resources */ = {
			isa = PBXResourcesBuildPhase;
			buildActionMask = 2147483647;
			files = (
				1827B4101D48082300F6A24B /* LaunchScreen.storyboard in Resources */,
				1827B40D1D48082300F6A24B /* Assets.xcassets in Resources */,
				1827B40B1D48082300F6A24B /* Main.storyboard in Resources */,
				1827B41B1D48093C00F6A24B /* SourceSansPro-Light.ttf in Resources */,
				1827B41A1D48093C00F6A24B /* SourceSansPro-Bold.ttf in Resources */,
				1827B41C1D48093C00F6A24B /* SourceSansPro-Regular.ttf in Resources */,
			);
			runOnlyForDeploymentPostprocessing = 0;
		};
/* End PBXResourcesBuildPhase section */

/* Begin PBXSourcesBuildPhase section */
		1827B3FE1D48082300F6A24B /* Sources */ = {
			isa = PBXSourcesBuildPhase;
			buildActionMask = 2147483647;
			files = (
				1827B4081D48082300F6A24B /* ViewController.swift in Sources */,
				1827B4061D48082300F6A24B /* AppDelegate.swift in Sources */,
			);
			runOnlyForDeploymentPostprocessing = 0;
		};
/* End PBXSourcesBuildPhase section */

/* Begin PBXVariantGroup section */
		1827B4091D48082300F6A24B /* Main.storyboard */ = {
			isa = PBXVariantGroup;
			children = (
				1827B40A1D48082300F6A24B /* Base */,
			);
			name = Main.storyboard;
			sourceTree = "<group>";
		};
		1827B40E1D48082300F6A24B /* LaunchScreen.storyboard */ = {
			isa = PBXVariantGroup;
			children = (
				1827B40F1D48082300F6A24B /* Base */,
			);
			name = LaunchScreen.storyboard;
			sourceTree = "<group>";
		};
/* End PBXVariantGroup section */

/* Begin XCBuildConfiguration section */
		1827B4121D48082300F6A24B /* Debug */ = {
			isa = XCBuildConfiguration;
			buildSettings = {
				ALWAYS_SEARCH_USER_PATHS = NO;
				CLANG_ANALYZER_NONNULL = YES;
				CLANG_CXX_LANGUAGE_STANDARD = "gnu++0x";
				CLANG_CXX_LIBRARY = "libc++";
				CLANG_ENABLE_MODULES = YES;
				CLANG_ENABLE_OBJC_ARC = YES;
				CLANG_WARN_BOOL_CONVERSION = YES;
				CLANG_WARN_CONSTANT_CONVERSION = YES;
				CLANG_WARN_DIRECT_OBJC_ISA_USAGE = YES_ERROR;
				CLANG_WARN_EMPTY_BODY = YES;
				CLANG_WARN_ENUM_CONVERSION = YES;
				CLANG_WARN_INT_CONVERSION = YES;
				CLANG_WARN_OBJC_ROOT_CLASS = YES_ERROR;
				CLANG_WARN_UNREACHABLE_CODE = YES;
				CLANG_WARN__DUPLICATE_METHOD_MATCH = YES;
				"CODE_SIGN_IDENTITY[sdk=iphoneos*]" = "iPhone Developer";
				COPY_PHASE_STRIP = NO;
				DEBUG_INFORMATION_FORMAT = dwarf;
				ENABLE_STRICT_OBJC_MSGSEND = YES;
				ENABLE_TESTABILITY = YES;
				GCC_C_LANGUAGE_STANDARD = gnu99;
				GCC_DYNAMIC_NO_PIC = NO;
				GCC_NO_COMMON_BLOCKS = YES;
				GCC_OPTIMIZATION_LEVEL = 0;
				GCC_PREPROCESSOR_DEFINITIONS = (
					"DEBUG=1",
					"$(inherited)",
				);
				GCC_WARN_64_TO_32_BIT_CONVERSION = YES;
				GCC_WARN_ABOUT_RETURN_TYPE = YES_ERROR;
				GCC_WARN_UNDECLARED_SELECTOR = YES;
				GCC_WARN_UNINITIALIZED_AUTOS = YES_AGGRESSIVE;
				GCC_WARN_UNUSED_FUNCTION = YES;
				GCC_WARN_UNUSED_VARIABLE = YES;
				IPHONEOS_DEPLOYMENT_TARGET = 9.3;
				MTL_ENABLE_DEBUG_INFO = YES;
				ONLY_ACTIVE_ARCH = YES;
				SDKROOT = iphoneos;
				SWIFT_OPTIMIZATION_LEVEL = "-Onone";
				TARGETED_DEVICE_FAMILY = "1,2";
			};
			name = Debug;
		};
		1827B4131D48082300F6A24B /* Release */ = {
			isa = XCBuildConfiguration;
			buildSettings = {
				ALWAYS_SEARCH_USER_PATHS = NO;
				CLANG_ANALYZER_NONNULL = YES;
				CLANG_CXX_LANGUAGE_STANDARD = "gnu++0x";
				CLANG_CXX_LIBRARY = "libc++";
				CLANG_ENABLE_MODULES = YES;
				CLANG_ENABLE_OBJC_ARC = YES;
				CLANG_WARN_BOOL_CONVERSION = YES;
				CLANG_WARN_CONSTANT_CONVERSION = YES;
				CLANG_WARN_DIRECT_OBJC_ISA_USAGE = YES_ERROR;
				CLANG_WARN_EMPTY_BODY = YES;
				CLANG_WARN_ENUM_CONVERSION = YES;
				CLANG_WARN_INT_CONVERSION = YES;
				CLANG_WARN_OBJC_ROOT_CLASS = YES_ERROR;
				CLANG_WARN_UNREACHABLE_CODE = YES;
				CLANG_WARN__DUPLICATE_METHOD_MATCH = YES;
				"CODE_SIGN_IDENTITY[sdk=iphoneos*]" = "iPhone Developer";
				COPY_PHASE_STRIP = NO;
				DEBUG_INFORMATION_FORMAT = "dwarf-with-dsym";
				ENABLE_NS_ASSERTIONS = NO;
				ENABLE_STRICT_OBJC_MSGSEND = YES;
				GCC_C_LANGUAGE_STANDARD = gnu99;
				GCC_NO_COMMON_BLOCKS = YES;
				GCC_WARN_64_TO_32_BIT_CONVERSION = YES;
				GCC_WARN_ABOUT_RETURN_TYPE = YES_ERROR;
				GCC_WARN_UNDECLARED_SELECTOR = YES;
				GCC_WARN_UNINITIALIZED_AUTOS = YES_AGGRESSIVE;
				GCC_WARN_UNUSED_FUNCTION = YES;
				GCC_WARN_UNUSED_VARIABLE = YES;
				IPHONEOS_DEPLOYMENT_TARGET = 9.3;
				MTL_ENABLE_DEBUG_INFO = NO;
				SDKROOT = iphoneos;
				TARGETED_DEVICE_FAMILY = "1,2";
				VALIDATE_PRODUCT = YES;
			};
			name = Release;
		};
		1827B4151D48082300F6A24B /* Debug */ = {
			isa = XCBuildConfiguration;
			buildSettings = {
				ASSETCATALOG_COMPILER_APPICON_NAME = AppIcon;
				INFOPLIST_FILE = CustomFontAtributtedTextBug/Info.plist;
				LD_RUNPATH_SEARCH_PATHS = "$(inherited) @executable_path/Frameworks";
				PRODUCT_BUNDLE_IDENTIFIER = com.ceduliocezar.CustomFontAtributtedTextBug;
				PRODUCT_NAME = "$(TARGET_NAME)";
			};
			name = Debug;
		};
		1827B4161D48082300F6A24B /* Release */ = {
			isa = XCBuildConfiguration;
			buildSettings = {
				ASSETCATALOG_COMPILER_APPICON_NAME = AppIcon;
				INFOPLIST_FILE = CustomFontAtributtedTextBug/Info.plist;
				LD_RUNPATH_SEARCH_PATHS = "$(inherited) @executable_path/Frameworks";
				PRODUCT_BUNDLE_IDENTIFIER = com.ceduliocezar.CustomFontAtributtedTextBug;
				PRODUCT_NAME = "$(TARGET_NAME)";
			};
			name = Release;
		};
/* End XCBuildConfiguration section */

/* Begin XCConfigurationList section */
		1827B3FD1D48082200F6A24B /* Build configuration list for PBXProject "CustomFontAtributtedTextBug" */ = {
			isa = XCConfigurationList;
			buildConfigurations = (
				1827B4121D48082300F6A24B /* Debug */,
				1827B4131D48082300F6A24B /* Release */,
			);
			defaultConfigurationIsVisible = 0;
			defaultConfigurationName = Release;
		};
		1827B4141D48082300F6A24B /* Build configuration list for PBXNativeTarget "CustomFontAtributtedTextBug" */ = {
			isa = XCConfigurationList;
			buildConfigurations = (
				1827B4151D48082300F6A24B /* Debug */,
				1827B4161D48082300F6A24B /* Release */,
			);
			defaultConfigurationIsVisible = 0;
		};
/* End XCConfigurationList section */
	};
	rootObject = 1827B3FA1D48082200F6A24B /* Project object */;
}
