// !$*UTF8*$!
{
	archiveVersion = 1;
	classes = {
	};
	objectVersion = 46;
	objects = {

/* Begin PBXBuildFile section */
		180BB7601CD274B2004CFB4E /* FlickrPhotoHeaderView.swift in Sources */ = {isa = PBXBuildFile; fileRef = 180BB75F1CD274B2004CFB4E /* FlickrPhotoHeaderView.swift */; };
		18647CF51CD1333D0020D13F /* AppDelegate.swift in Sources */ = {isa = PBXBuildFile; fileRef = 18647CF41CD1333D0020D13F /* AppDelegate.swift */; };
		18647CFA1CD1333D0020D13F /* Main.storyboard in Resources */ = {isa = PBXBuildFile; fileRef = 18647CF81CD1333D0020D13F /* Main.storyboard */; };
		18647CFC1CD1333D0020D13F /* Assets.xcassets in Resources */ = {isa = PBXBuildFile; fileRef = 18647CFB1CD1333D0020D13F /* Assets.xcassets */; };
		18647CFF1CD1333D0020D13F /* LaunchScreen.storyboard in Resources */ = {isa = PBXBuildFile; fileRef = 18647CFD1CD1333D0020D13F /* LaunchScreen.storyboard */; };
		18647D071CD134F40020D13F /* FlickrPhotosViewController.swift in Sources */ = {isa = PBXBuildFile; fileRef = 18647D061CD134F40020D13F /* FlickrPhotosViewController.swift */; };
		18647D091CD1361A0020D13F /* FlickrSearcher.swift in Sources */ = {isa = PBXBuildFile; fileRef = 18647D081CD1361A0020D13F /* FlickrSearcher.swift */; };
		18647D0B1CD248940020D13F /* FlickrPhotoCell.swift in Sources */ = {isa = PBXBuildFile; fileRef = 18647D0A1CD248940020D13F /* FlickrPhotoCell.swift */; };
/* End PBXBuildFile section */

/* Begin PBXFileReference section */
		180BB75F1CD274B2004CFB4E /* FlickrPhotoHeaderView.swift */ = {isa = PBXFileReference; fileEncoding = 4; lastKnownFileType = sourcecode.swift; path = FlickrPhotoHeaderView.swift; sourceTree = "<group>"; };
		18647CF11CD1333D0020D13F /* FlickrSearch.app */ = {isa = PBXFileReference; explicitFileType = wrapper.application; includeInIndex = 0; path = FlickrSearch.app; sourceTree = BUILT_PRODUCTS_DIR; };
		18647CF41CD1333D0020D13F /* AppDelegate.swift */ = {isa = PBXFileReference; lastKnownFileType = sourcecode.swift; path = AppDelegate.swift; sourceTree = "<group>"; };
		18647CF91CD1333D0020D13F /* Base */ = {isa = PBXFileReference; lastKnownFileType = file.storyboard; name = Base; path = Base.lproj/Main.storyboard; sourceTree = "<group>"; };
		18647CFB1CD1333D0020D13F /* Assets.xcassets */ = {isa = PBXFileReference; lastKnownFileType = folder.assetcatalog; path = Assets.xcassets; sourceTree = "<group>"; };
		18647CFE1CD1333D0020D13F /* Base */ = {isa = PBXFileReference; lastKnownFileType = file.storyboard; name = Base; path = Base.lproj/LaunchScreen.storyboard; sourceTree = "<group>"; };
		18647D001CD1333D0020D13F /* Info.plist */ = {isa = PBXFileReference; lastKnownFileType = text.plist.xml; path = Info.plist; sourceTree = "<group>"; };
		18647D061CD134F40020D13F /* FlickrPhotosViewController.swift */ = {isa = PBXFileReference; fileEncoding = 4; lastKnownFileType = sourcecode.swift; path = FlickrPhotosViewController.swift; sourceTree = "<group>"; };
		18647D081CD1361A0020D13F /* FlickrSearcher.swift */ = {isa = PBXFileReference; fileEncoding = 4; lastKnownFileType = sourcecode.swift; path = FlickrSearcher.swift; sourceTree = "<group>"; };
		18647D0A1CD248940020D13F /* FlickrPhotoCell.swift */ = {isa = PBXFileReference; fileEncoding = 4; lastKnownFileType = sourcecode.swift; path = FlickrPhotoCell.swift; sourceTree = "<group>"; };
/* End PBXFileReference section */

/* Begin PBXFrameworksBuildPhase section */
		18647CEE1CD1333D0020D13F /* Frameworks */ = {
			isa = PBXFrameworksBuildPhase;
			buildActionMask = 2147483647;
			files = (
			);
			runOnlyForDeploymentPostprocessing = 0;
		};
/* End PBXFrameworksBuildPhase section */

/* Begin PBXGroup section */
		18647CE81CD1333D0020D13F = {
			isa = PBXGroup;
			children = (
				18647CF31CD1333D0020D13F /* FlickrSearch */,
				18647CF21CD1333D0020D13F /* Products */,
			);
			sourceTree = "<group>";
		};
		18647CF21CD1333D0020D13F /* Products */ = {
			isa = PBXGroup;
			children = (
				18647CF11CD1333D0020D13F /* FlickrSearch.app */,
			);
			name = Products;
			sourceTree = "<group>";
		};
		18647CF31CD1333D0020D13F /* FlickrSearch */ = {
			isa = PBXGroup;
			children = (
				18647D081CD1361A0020D13F /* FlickrSearcher.swift */,
				18647CF41CD1333D0020D13F /* AppDelegate.swift */,
				18647CF81CD1333D0020D13F /* Main.storyboard */,
				18647CFB1CD1333D0020D13F /* Assets.xcassets */,
				18647CFD1CD1333D0020D13F /* LaunchScreen.storyboard */,
				18647D001CD1333D0020D13F /* Info.plist */,
				18647D061CD134F40020D13F /* FlickrPhotosViewController.swift */,
				18647D0A1CD248940020D13F /* FlickrPhotoCell.swift */,
				180BB75F1CD274B2004CFB4E /* FlickrPhotoHeaderView.swift */,
			);
			path = FlickrSearch;
			sourceTree = "<group>";
		};
/* End PBXGroup section */

/* Begin PBXNativeTarget section */
		18647CF01CD1333D0020D13F /* FlickrSearch */ = {
			isa = PBXNativeTarget;
			buildConfigurationList = 18647D031CD1333D0020D13F /* Build configuration list for PBXNativeTarget "FlickrSearch" */;
			buildPhases = (
				18647CED1CD1333D0020D13F /* Sources */,
				18647CEE1CD1333D0020D13F /* Frameworks */,
				18647CEF1CD1333D0020D13F /* Resources */,
			);
			buildRules = (
			);
			dependencies = (
			);
			name = FlickrSearch;
			productName = FlickrSearch;
			productReference = 18647CF11CD1333D0020D13F /* FlickrSearch.app */;
			productType = "com.apple.product-type.application";
		};
/* End PBXNativeTarget section */

/* Begin PBXProject section */
		18647CE91CD1333D0020D13F /* Project object */ = {
			isa = PBXProject;
			attributes = {
				LastSwiftUpdateCheck = 0730;
				LastUpgradeCheck = 0730;
				ORGANIZATIONNAME = "Cedulio Cezar";
				TargetAttributes = {
					18647CF01CD1333D0020D13F = {
						CreatedOnToolsVersion = 7.3;
					};
				};
			};
			buildConfigurationList = 18647CEC1CD1333D0020D13F /* Build configuration list for PBXProject "FlickrSearch" */;
			compatibilityVersion = "Xcode 3.2";
			developmentRegion = English;
			hasScannedForEncodings = 0;
			knownRegions = (
				en,
				Base,
			);
			mainGroup = 18647CE81CD1333D0020D13F;
			productRefGroup = 18647CF21CD1333D0020D13F /* Products */;
			projectDirPath = "";
			projectRoot = "";
			targets = (
				18647CF01CD1333D0020D13F /* FlickrSearch */,
			);
		};
/* End PBXProject section */

/* Begin PBXResourcesBuildPhase section */
		18647CEF1CD1333D0020D13F /* Resources */ = {
			isa = PBXResourcesBuildPhase;
			buildActionMask = 2147483647;
			files = (
				18647CFF1CD1333D0020D13F /* LaunchScreen.storyboard in Resources */,
				18647CFC1CD1333D0020D13F /* Assets.xcassets in Resources */,
				18647CFA1CD1333D0020D13F /* Main.storyboard in Resources */,
			);
			runOnlyForDeploymentPostprocessing = 0;
		};
/* End PBXResourcesBuildPhase section */

/* Begin PBXSourcesBuildPhase section */
		18647CED1CD1333D0020D13F /* Sources */ = {
			isa = PBXSourcesBuildPhase;
			buildActionMask = 2147483647;
			files = (
				18647D091CD1361A0020D13F /* FlickrSearcher.swift in Sources */,
				18647CF51CD1333D0020D13F /* AppDelegate.swift in Sources */,
				180BB7601CD274B2004CFB4E /* FlickrPhotoHeaderView.swift in Sources */,
				18647D0B1CD248940020D13F /* FlickrPhotoCell.swift in Sources */,
				18647D071CD134F40020D13F /* FlickrPhotosViewController.swift in Sources */,
			);
			runOnlyForDeploymentPostprocessing = 0;
		};
/* End PBXSourcesBuildPhase section */

/* Begin PBXVariantGroup section */
		18647CF81CD1333D0020D13F /* Main.storyboard */ = {
			isa = PBXVariantGroup;
			children = (
				18647CF91CD1333D0020D13F /* Base */,
			);
			name = Main.storyboard;
			sourceTree = "<group>";
		};
		18647CFD1CD1333D0020D13F /* LaunchScreen.storyboard */ = {
			isa = PBXVariantGroup;
			children = (
				18647CFE1CD1333D0020D13F /* Base */,
			);
			name = LaunchScreen.storyboard;
			sourceTree = "<group>";
		};
/* End PBXVariantGroup section */

/* Begin XCBuildConfiguration section */
		18647D011CD1333D0020D13F /* Debug */ = {
			isa = XCBuildConfiguration;
			buildSettings = {
				ALWAYS_SEARCH_USER_PATHS = NO;
				CLANG_ANALYZER_NONNULL = YES;
				CLANG_CXX_LANGUAGE_STANDARD = "gnu++0x";
				CLANG_CXX_LIBRARY = "libc++";
				CLANG_ENABLE_MODULES = YES;
				CLANG_ENABLE_OBJC_ARC = YES;
				CLANG_WARN_BOOL_CONVERSION = YES;
				CLANG_WARN_CONSTANT_CONVERSION = YES;
				CLANG_WARN_DIRECT_OBJC_ISA_USAGE = YES_ERROR;
				CLANG_WARN_EMPTY_BODY = YES;
				CLANG_WARN_ENUM_CONVERSION = YES;
				CLANG_WARN_INT_CONVERSION = YES;
				CLANG_WARN_OBJC_ROOT_CLASS = YES_ERROR;
				CLANG_WARN_UNREACHABLE_CODE = YES;
				CLANG_WARN__DUPLICATE_METHOD_MATCH = YES;
				"CODE_SIGN_IDENTITY[sdk=iphoneos*]" = "iPhone Developer";
				COPY_PHASE_STRIP = NO;
				DEBUG_INFORMATION_FORMAT = dwarf;
				ENABLE_STRICT_OBJC_MSGSEND = YES;
				ENABLE_TESTABILITY = YES;
				GCC_C_LANGUAGE_STANDARD = gnu99;
				GCC_DYNAMIC_NO_PIC = NO;
				GCC_NO_COMMON_BLOCKS = YES;
				GCC_OPTIMIZATION_LEVEL = 0;
				GCC_PREPROCESSOR_DEFINITIONS = (
					"DEBUG=1",
					"$(inherited)",
				);
				GCC_WARN_64_TO_32_BIT_CONVERSION = YES;
				GCC_WARN_ABOUT_RETURN_TYPE = YES_ERROR;
				GCC_WARN_UNDECLARED_SELECTOR = YES;
				GCC_WARN_UNINITIALIZED_AUTOS = YES_AGGRESSIVE;
				GCC_WARN_UNUSED_FUNCTION = YES;
				GCC_WARN_UNUSED_VARIABLE = YES;
				IPHONEOS_DEPLOYMENT_TARGET = 9.3;
				MTL_ENABLE_DEBUG_INFO = YES;
				ONLY_ACTIVE_ARCH = YES;
				SDKROOT = iphoneos;
				SWIFT_OPTIMIZATION_LEVEL = "-Onone";
			};
			name = Debug;
		};
		18647D021CD1333D0020D13F /* Release */ = {
			isa = XCBuildConfiguration;
			buildSettings = {
				ALWAYS_SEARCH_USER_PATHS = NO;
				CLANG_ANALYZER_NONNULL = YES;
				CLANG_CXX_LANGUAGE_STANDARD = "gnu++0x";
				CLANG_CXX_LIBRARY = "libc++";
				CLANG_ENABLE_MODULES = YES;
				CLANG_ENABLE_OBJC_ARC = YES;
				CLANG_WARN_BOOL_CONVERSION = YES;
				CLANG_WARN_CONSTANT_CONVERSION = YES;
				CLANG_WARN_DIRECT_OBJC_ISA_USAGE = YES_ERROR;
				CLANG_WARN_EMPTY_BODY = YES;
				CLANG_WARN_ENUM_CONVERSION = YES;
				CLANG_WARN_INT_CONVERSION = YES;
				CLANG_WARN_OBJC_ROOT_CLASS = YES_ERROR;
				CLANG_WARN_UNREACHABLE_CODE = YES;
				CLANG_WARN__DUPLICATE_METHOD_MATCH = YES;
				"CODE_SIGN_IDENTITY[sdk=iphoneos*]" = "iPhone Developer";
				COPY_PHASE_STRIP = NO;
				DEBUG_INFORMATION_FORMAT = "dwarf-with-dsym";
				ENABLE_NS_ASSERTIONS = NO;
				ENABLE_STRICT_OBJC_MSGSEND = YES;
				GCC_C_LANGUAGE_STANDARD = gnu99;
				GCC_NO_COMMON_BLOCKS = YES;
				GCC_WARN_64_TO_32_BIT_CONVERSION = YES;
				GCC_WARN_ABOUT_RETURN_TYPE = YES_ERROR;
				GCC_WARN_UNDECLARED_SELECTOR = YES;
				GCC_WARN_UNINITIALIZED_AUTOS = YES_AGGRESSIVE;
				GCC_WARN_UNUSED_FUNCTION = YES;
				GCC_WARN_UNUSED_VARIABLE = YES;
				IPHONEOS_DEPLOYMENT_TARGET = 9.3;
				MTL_ENABLE_DEBUG_INFO = NO;
				SDKROOT = iphoneos;
				VALIDATE_PRODUCT = YES;
			};
			name = Release;
		};
		18647D041CD1333D0020D13F /* Debug */ = {
			isa = XCBuildConfiguration;
			buildSettings = {
				ASSETCATALOG_COMPILER_APPICON_NAME = AppIcon;
				INFOPLIST_FILE = FlickrSearch/Info.plist;
				LD_RUNPATH_SEARCH_PATHS = "$(inherited) @executable_path/Frameworks";
				PRODUCT_BUNDLE_IDENTIFIER = com.cedulio.FlickrSearch;
				PRODUCT_NAME = "$(TARGET_NAME)";
			};
			name = Debug;
		};
		18647D051CD1333D0020D13F /* Release */ = {
			isa = XCBuildConfiguration;
			buildSettings = {
				ASSETCATALOG_COMPILER_APPICON_NAME = AppIcon;
				INFOPLIST_FILE = FlickrSearch/Info.plist;
				LD_RUNPATH_SEARCH_PATHS = "$(inherited) @executable_path/Frameworks";
				PRODUCT_BUNDLE_IDENTIFIER = com.cedulio.FlickrSearch;
				PRODUCT_NAME = "$(TARGET_NAME)";
			};
			name = Release;
		};
/* End XCBuildConfiguration section */

/* Begin XCConfigurationList section */
		18647CEC1CD1333D0020D13F /* Build configuration list for PBXProject "FlickrSearch" */ = {
			isa = XCConfigurationList;
			buildConfigurations = (
				18647D011CD1333D0020D13F /* Debug */,
				18647D021CD1333D0020D13F /* Release */,
			);
			defaultConfigurationIsVisible = 0;
			defaultConfigurationName = Release;
		};
		18647D031CD1333D0020D13F /* Build configuration list for PBXNativeTarget "FlickrSearch" */ = {
			isa = XCConfigurationList;
			buildConfigurations = (
				18647D041CD1333D0020D13F /* Debug */,
				18647D051CD1333D0020D13F /* Release */,
			);
			defaultConfigurationIsVisible = 0;
			defaultConfigurationName = Release;
		};
/* End XCConfigurationList section */
	};
	rootObject = 18647CE91CD1333D0020D13F /* Project object */;
}
