// !$*UTF8*$!
{
	archiveVersion = 1;
	classes = {
	};
	objectVersion = 46;
	objects = {

/* Begin PBXBuildFile section */
		180BB7701CD399E3004CFB4E /* AppDelegate.swift in Sources */ = {isa = PBXBuildFile; fileRef = 180BB76F1CD399E3004CFB4E /* AppDelegate.swift */; };
		180BB7721CD399E3004CFB4E /* ViewController.swift in Sources */ = {isa = PBXBuildFile; fileRef = 180BB7711CD399E3004CFB4E /* ViewController.swift */; };
		180BB7751CD399E3004CFB4E /* Main.storyboard in Resources */ = {isa = PBXBuildFile; fileRef = 180BB7731CD399E3004CFB4E /* Main.storyboard */; };
		180BB7771CD399E4004CFB4E /* Assets.xcassets in Resources */ = {isa = PBXBuildFile; fileRef = 180BB7761CD399E4004CFB4E /* Assets.xcassets */; };
		180BB77A1CD399E4004CFB4E /* LaunchScreen.storyboard in Resources */ = {isa = PBXBuildFile; fileRef = 180BB7781CD399E4004CFB4E /* LaunchScreen.storyboard */; };
		180BB7821CD39D6A004CFB4E /* NestedTableCell.swift in Sources */ = {isa = PBXBuildFile; fileRef = 180BB7811CD39D6A004CFB4E /* NestedTableCell.swift */; };
/* End PBXBuildFile section */

/* Begin PBXFileReference section */
		180BB76C1CD399E3004CFB4E /* NestedTableView.app */ = {isa = PBXFileReference; explicitFileType = wrapper.application; includeInIndex = 0; path = NestedTableView.app; sourceTree = BUILT_PRODUCTS_DIR; };
		180BB76F1CD399E3004CFB4E /* AppDelegate.swift */ = {isa = PBXFileReference; lastKnownFileType = sourcecode.swift; path = AppDelegate.swift; sourceTree = "<group>"; };
		180BB7711CD399E3004CFB4E /* ViewController.swift */ = {isa = PBXFileReference; lastKnownFileType = sourcecode.swift; path = ViewController.swift; sourceTree = "<group>"; };
		180BB7741CD399E3004CFB4E /* Base */ = {isa = PBXFileReference; lastKnownFileType = file.storyboard; name = Base; path = Base.lproj/Main.storyboard; sourceTree = "<group>"; };
		180BB7761CD399E4004CFB4E /* Assets.xcassets */ = {isa = PBXFileReference; lastKnownFileType = folder.assetcatalog; path = Assets.xcassets; sourceTree = "<group>"; };
		180BB7791CD399E4004CFB4E /* Base */ = {isa = PBXFileReference; lastKnownFileType = file.storyboard; name = Base; path = Base.lproj/LaunchScreen.storyboard; sourceTree = "<group>"; };
		180BB77B1CD399E4004CFB4E /* Info.plist */ = {isa = PBXFileReference; lastKnownFileType = text.plist.xml; path = Info.plist; sourceTree = "<group>"; };
		180BB7811CD39D6A004CFB4E /* NestedTableCell.swift */ = {isa = PBXFileReference; fileEncoding = 4; lastKnownFileType = sourcecode.swift; path = NestedTableCell.swift; sourceTree = "<group>"; };
/* End PBXFileReference section */

/* Begin PBXFrameworksBuildPhase section */
		180BB7691CD399E3004CFB4E /* Frameworks */ = {
			isa = PBXFrameworksBuildPhase;
			buildActionMask = 2147483647;
			files = (
			);
			runOnlyForDeploymentPostprocessing = 0;
		};
/* End PBXFrameworksBuildPhase section */

/* Begin PBXGroup section */
		180BB7631CD399E3004CFB4E = {
			isa = PBXGroup;
			children = (
				180BB76E1CD399E3004CFB4E /* NestedTableView */,
				180BB76D1CD399E3004CFB4E /* Products */,
			);
			sourceTree = "<group>";
		};
		180BB76D1CD399E3004CFB4E /* Products */ = {
			isa = PBXGroup;
			children = (
				180BB76C1CD399E3004CFB4E /* NestedTableView.app */,
			);
			name = Products;
			sourceTree = "<group>";
		};
		180BB76E1CD399E3004CFB4E /* NestedTableView */ = {
			isa = PBXGroup;
			children = (
				180BB76F1CD399E3004CFB4E /* AppDelegate.swift */,
				180BB7711CD399E3004CFB4E /* ViewController.swift */,
				180BB7731CD399E3004CFB4E /* Main.storyboard */,
				180BB7761CD399E4004CFB4E /* Assets.xcassets */,
				180BB7781CD399E4004CFB4E /* LaunchScreen.storyboard */,
				180BB77B1CD399E4004CFB4E /* Info.plist */,
				180BB7811CD39D6A004CFB4E /* NestedTableCell.swift */,
			);
			path = NestedTableView;
			sourceTree = "<group>";
		};
/* End PBXGroup section */

/* Begin PBXNativeTarget section */
		180BB76B1CD399E3004CFB4E /* NestedTableView */ = {
			isa = PBXNativeTarget;
			buildConfigurationList = 180BB77E1CD399E4004CFB4E /* Build configuration list for PBXNativeTarget "NestedTableView" */;
			buildPhases = (
				180BB7681CD399E3004CFB4E /* Sources */,
				180BB7691CD399E3004CFB4E /* Frameworks */,
				180BB76A1CD399E3004CFB4E /* Resources */,
			);
			buildRules = (
			);
			dependencies = (
			);
			name = NestedTableView;
			productName = NestedTableView;
			productReference = 180BB76C1CD399E3004CFB4E /* NestedTableView.app */;
			productType = "com.apple.product-type.application";
		};
/* End PBXNativeTarget section */

/* Begin PBXProject section */
		180BB7641CD399E3004CFB4E /* Project object */ = {
			isa = PBXProject;
			attributes = {
				LastSwiftUpdateCheck = 0730;
				LastUpgradeCheck = 0730;
				ORGANIZATIONNAME = "Cedulio Cezar";
				TargetAttributes = {
					180BB76B1CD399E3004CFB4E = {
						CreatedOnToolsVersion = 7.3;
						DevelopmentTeam = YREQ4AU74K;
					};
				};
			};
			buildConfigurationList = 180BB7671CD399E3004CFB4E /* Build configuration list for PBXProject "NestedTableView" */;
			compatibilityVersion = "Xcode 3.2";
			developmentRegion = English;
			hasScannedForEncodings = 0;
			knownRegions = (
				en,
				Base,
			);
			mainGroup = 180BB7631CD399E3004CFB4E;
			productRefGroup = 180BB76D1CD399E3004CFB4E /* Products */;
			projectDirPath = "";
			projectRoot = "";
			targets = (
				180BB76B1CD399E3004CFB4E /* NestedTableView */,
			);
		};
/* End PBXProject section */

/* Begin PBXResourcesBuildPhase section */
		180BB76A1CD399E3004CFB4E /* Resources */ = {
			isa = PBXResourcesBuildPhase;
			buildActionMask = 2147483647;
			files = (
				180BB77A1CD399E4004CFB4E /* LaunchScreen.storyboard in Resources */,
				180BB7771CD399E4004CFB4E /* Assets.xcassets in Resources */,
				180BB7751CD399E3004CFB4E /* Main.storyboard in Resources */,
			);
			runOnlyForDeploymentPostprocessing = 0;
		};
/* End PBXResourcesBuildPhase section */

/* Begin PBXSourcesBuildPhase section */
		180BB7681CD399E3004CFB4E /* Sources */ = {
			isa = PBXSourcesBuildPhase;
			buildActionMask = 2147483647;
			files = (
				180BB7721CD399E3004CFB4E /* ViewController.swift in Sources */,
				180BB7821CD39D6A004CFB4E /* NestedTableCell.swift in Sources */,
				180BB7701CD399E3004CFB4E /* AppDelegate.swift in Sources */,
			);
			runOnlyForDeploymentPostprocessing = 0;
		};
/* End PBXSourcesBuildPhase section */

/* Begin PBXVariantGroup section */
		180BB7731CD399E3004CFB4E /* Main.storyboard */ = {
			isa = PBXVariantGroup;
			children = (
				180BB7741CD399E3004CFB4E /* Base */,
			);
			name = Main.storyboard;
			sourceTree = "<group>";
		};
		180BB7781CD399E4004CFB4E /* LaunchScreen.storyboard */ = {
			isa = PBXVariantGroup;
			children = (
				180BB7791CD399E4004CFB4E /* Base */,
			);
			name = LaunchScreen.storyboard;
			sourceTree = "<group>";
		};
/* End PBXVariantGroup section */

/* Begin XCBuildConfiguration section */
		180BB77C1CD399E4004CFB4E /* Debug */ = {
			isa = XCBuildConfiguration;
			buildSettings = {
				ALWAYS_SEARCH_USER_PATHS = NO;
				CLANG_ANALYZER_NONNULL = YES;
				CLANG_CXX_LANGUAGE_STANDARD = "gnu++0x";
				CLANG_CXX_LIBRARY = "libc++";
				CLANG_ENABLE_MODULES = YES;
				CLANG_ENABLE_OBJC_ARC = YES;
				CLANG_WARN_BOOL_CONVERSION = YES;
				CLANG_WARN_CONSTANT_CONVERSION = YES;
				CLANG_WARN_DIRECT_OBJC_ISA_USAGE = YES_ERROR;
				CLANG_WARN_EMPTY_BODY = YES;
				CLANG_WARN_ENUM_CONVERSION = YES;
				CLANG_WARN_INT_CONVERSION = YES;
				CLANG_WARN_OBJC_ROOT_CLASS = YES_ERROR;
				CLANG_WARN_UNREACHABLE_CODE = YES;
				CLANG_WARN__DUPLICATE_METHOD_MATCH = YES;
				"CODE_SIGN_IDENTITY[sdk=iphoneos*]" = "iPhone Developer";
				COPY_PHASE_STRIP = NO;
				DEBUG_INFORMATION_FORMAT = dwarf;
				ENABLE_STRICT_OBJC_MSGSEND = YES;
				ENABLE_TESTABILITY = YES;
				GCC_C_LANGUAGE_STANDARD = gnu99;
				GCC_DYNAMIC_NO_PIC = NO;
				GCC_NO_COMMON_BLOCKS = YES;
				GCC_OPTIMIZATION_LEVEL = 0;
				GCC_PREPROCESSOR_DEFINITIONS = (
					"DEBUG=1",
					"$(inherited)",
				);
				GCC_WARN_64_TO_32_BIT_CONVERSION = YES;
				GCC_WARN_ABOUT_RETURN_TYPE = YES_ERROR;
				GCC_WARN_UNDECLARED_SELECTOR = YES;
				GCC_WARN_UNINITIALIZED_AUTOS = YES_AGGRESSIVE;
				GCC_WARN_UNUSED_FUNCTION = YES;
				GCC_WARN_UNUSED_VARIABLE = YES;
				IPHONEOS_DEPLOYMENT_TARGET = 9.3;
				MTL_ENABLE_DEBUG_INFO = YES;
				ONLY_ACTIVE_ARCH = YES;
				SDKROOT = iphoneos;
				SWIFT_OPTIMIZATION_LEVEL = "-Onone";
			};
			name = Debug;
		};
		180BB77D1CD399E4004CFB4E /* Release */ = {
			isa = XCBuildConfiguration;
			buildSettings = {
				ALWAYS_SEARCH_USER_PATHS = NO;
				CLANG_ANALYZER_NONNULL = YES;
				CLANG_CXX_LANGUAGE_STANDARD = "gnu++0x";
				CLANG_CXX_LIBRARY = "libc++";
				CLANG_ENABLE_MODULES = YES;
				CLANG_ENABLE_OBJC_ARC = YES;
				CLANG_WARN_BOOL_CONVERSION = YES;
				CLANG_WARN_CONSTANT_CONVERSION = YES;
				CLANG_WARN_DIRECT_OBJC_ISA_USAGE = YES_ERROR;
				CLANG_WARN_EMPTY_BODY = YES;
				CLANG_WARN_ENUM_CONVERSION = YES;
				CLANG_WARN_INT_CONVERSION = YES;
				CLANG_WARN_OBJC_ROOT_CLASS = YES_ERROR;
				CLANG_WARN_UNREACHABLE_CODE = YES;
				CLANG_WARN__DUPLICATE_METHOD_MATCH = YES;
				"CODE_SIGN_IDENTITY[sdk=iphoneos*]" = "iPhone Developer";
				COPY_PHASE_STRIP = NO;
				DEBUG_INFORMATION_FORMAT = "dwarf-with-dsym";
				ENABLE_NS_ASSERTIONS = NO;
				ENABLE_STRICT_OBJC_MSGSEND = YES;
				GCC_C_LANGUAGE_STANDARD = gnu99;
				GCC_NO_COMMON_BLOCKS = YES;
				GCC_WARN_64_TO_32_BIT_CONVERSION = YES;
				GCC_WARN_ABOUT_RETURN_TYPE = YES_ERROR;
				GCC_WARN_UNDECLARED_SELECTOR = YES;
				GCC_WARN_UNINITIALIZED_AUTOS = YES_AGGRESSIVE;
				GCC_WARN_UNUSED_FUNCTION = YES;
				GCC_WARN_UNUSED_VARIABLE = YES;
				IPHONEOS_DEPLOYMENT_TARGET = 9.3;
				MTL_ENABLE_DEBUG_INFO = NO;
				SDKROOT = iphoneos;
				VALIDATE_PRODUCT = YES;
			};
			name = Release;
		};
		180BB77F1CD399E4004CFB4E /* Debug */ = {
			isa = XCBuildConfiguration;
			buildSettings = {
				ASSETCATALOG_COMPILER_APPICON_NAME = AppIcon;
				INFOPLIST_FILE = NestedTableView/Info.plist;
				LD_RUNPATH_SEARCH_PATHS = "$(inherited) @executable_path/Frameworks";
				PRODUCT_BUNDLE_IDENTIFIER = com.cedulio.NestedTableView;
				PRODUCT_NAME = "$(TARGET_NAME)";
			};
			name = Debug;
		};
		180BB7801CD399E4004CFB4E /* Release */ = {
			isa = XCBuildConfiguration;
			buildSettings = {
				ASSETCATALOG_COMPILER_APPICON_NAME = AppIcon;
				INFOPLIST_FILE = NestedTableView/Info.plist;
				LD_RUNPATH_SEARCH_PATHS = "$(inherited) @executable_path/Frameworks";
				PRODUCT_BUNDLE_IDENTIFIER = com.cedulio.NestedTableView;
				PRODUCT_NAME = "$(TARGET_NAME)";
			};
			name = Release;
		};
/* End XCBuildConfiguration section */

/* Begin XCConfigurationList section */
		180BB7671CD399E3004CFB4E /* Build configuration list for PBXProject "NestedTableView" */ = {
			isa = XCConfigurationList;
			buildConfigurations = (
				180BB77C1CD399E4004CFB4E /* Debug */,
				180BB77D1CD399E4004CFB4E /* Release */,
			);
			defaultConfigurationIsVisible = 0;
			defaultConfigurationName = Release;
		};
		180BB77E1CD399E4004CFB4E /* Build configuration list for PBXNativeTarget "NestedTableView" */ = {
			isa = XCConfigurationList;
			buildConfigurations = (
				180BB77F1CD399E4004CFB4E /* Debug */,
				180BB7801CD399E4004CFB4E /* Release */,
			);
			defaultConfigurationIsVisible = 0;
		};
/* End XCConfigurationList section */
	};
	rootObject = 180BB7641CD399E3004CFB4E /* Project object */;
}
