// !$*UTF8*$!
{
	archiveVersion = 1;
	classes = {
	};
	objectVersion = 46;
	objects = {

/* Begin PBXBuildFile section */
		189BF8551CBEFE3E0024AA9B /* AppDelegate.swift in Sources */ = {isa = PBXBuildFile; fileRef = 189BF8541CBEFE3E0024AA9B /* AppDelegate.swift */; };
		189BF8571CBEFE3E0024AA9B /* ViewController.swift in Sources */ = {isa = PBXBuildFile; fileRef = 189BF8561CBEFE3E0024AA9B /* ViewController.swift */; };
		189BF85A1CBEFE3E0024AA9B /* Main.storyboard in Resources */ = {isa = PBXBuildFile; fileRef = 189BF8581CBEFE3E0024AA9B /* Main.storyboard */; };
		189BF85C1CBEFE3E0024AA9B /* Assets.xcassets in Resources */ = {isa = PBXBuildFile; fileRef = 189BF85B1CBEFE3E0024AA9B /* Assets.xcassets */; };
		189BF85F1CBEFE3E0024AA9B /* LaunchScreen.storyboard in Resources */ = {isa = PBXBuildFile; fileRef = 189BF85D1CBEFE3E0024AA9B /* LaunchScreen.storyboard */; };
		189BF86A1CBEFE3E0024AA9B /* TipCalculatorTests.swift in Sources */ = {isa = PBXBuildFile; fileRef = 189BF8691CBEFE3E0024AA9B /* TipCalculatorTests.swift */; };
		189BF8751CBEFE3E0024AA9B /* TipCalculatorUITests.swift in Sources */ = {isa = PBXBuildFile; fileRef = 189BF8741CBEFE3E0024AA9B /* TipCalculatorUITests.swift */; };
		189BF8831CBF02160024AA9B /* TipCalculator.swift in Sources */ = {isa = PBXBuildFile; fileRef = 189BF8821CBF02160024AA9B /* TipCalculator.swift */; };
/* End PBXBuildFile section */

/* Begin PBXContainerItemProxy section */
		189BF8661CBEFE3E0024AA9B /* PBXContainerItemProxy */ = {
			isa = PBXContainerItemProxy;
			containerPortal = 189BF8491CBEFE3E0024AA9B /* Project object */;
			proxyType = 1;
			remoteGlobalIDString = 189BF8501CBEFE3E0024AA9B;
			remoteInfo = TipCalculator;
		};
		189BF8711CBEFE3E0024AA9B /* PBXContainerItemProxy */ = {
			isa = PBXContainerItemProxy;
			containerPortal = 189BF8491CBEFE3E0024AA9B /* Project object */;
			proxyType = 1;
			remoteGlobalIDString = 189BF8501CBEFE3E0024AA9B;
			remoteInfo = TipCalculator;
		};
/* End PBXContainerItemProxy section */

/* Begin PBXFileReference section */
		189BF8511CBEFE3E0024AA9B /* TipCalculator.app */ = {isa = PBXFileReference; explicitFileType = wrapper.application; includeInIndex = 0; path = TipCalculator.app; sourceTree = BUILT_PRODUCTS_DIR; };
		189BF8541CBEFE3E0024AA9B /* AppDelegate.swift */ = {isa = PBXFileReference; lastKnownFileType = sourcecode.swift; path = AppDelegate.swift; sourceTree = "<group>"; };
		189BF8561CBEFE3E0024AA9B /* ViewController.swift */ = {isa = PBXFileReference; lastKnownFileType = sourcecode.swift; path = ViewController.swift; sourceTree = "<group>"; };
		189BF8591CBEFE3E0024AA9B /* Base */ = {isa = PBXFileReference; lastKnownFileType = file.storyboard; name = Base; path = Base.lproj/Main.storyboard; sourceTree = "<group>"; };
		189BF85B1CBEFE3E0024AA9B /* Assets.xcassets */ = {isa = PBXFileReference; lastKnownFileType = folder.assetcatalog; path = Assets.xcassets; sourceTree = "<group>"; };
		189BF85E1CBEFE3E0024AA9B /* Base */ = {isa = PBXFileReference; lastKnownFileType = file.storyboard; name = Base; path = Base.lproj/LaunchScreen.storyboard; sourceTree = "<group>"; };
		189BF8601CBEFE3E0024AA9B /* Info.plist */ = {isa = PBXFileReference; lastKnownFileType = text.plist.xml; path = Info.plist; sourceTree = "<group>"; };
		189BF8651CBEFE3E0024AA9B /* TipCalculatorTests.xctest */ = {isa = PBXFileReference; explicitFileType = wrapper.cfbundle; includeInIndex = 0; path = TipCalculatorTests.xctest; sourceTree = BUILT_PRODUCTS_DIR; };
		189BF8691CBEFE3E0024AA9B /* TipCalculatorTests.swift */ = {isa = PBXFileReference; lastKnownFileType = sourcecode.swift; path = TipCalculatorTests.swift; sourceTree = "<group>"; };
		189BF86B1CBEFE3E0024AA9B /* Info.plist */ = {isa = PBXFileReference; lastKnownFileType = text.plist.xml; path = Info.plist; sourceTree = "<group>"; };
		189BF8701CBEFE3E0024AA9B /* TipCalculatorUITests.xctest */ = {isa = PBXFileReference; explicitFileType = wrapper.cfbundle; includeInIndex = 0; path = TipCalculatorUITests.xctest; sourceTree = BUILT_PRODUCTS_DIR; };
		189BF8741CBEFE3E0024AA9B /* TipCalculatorUITests.swift */ = {isa = PBXFileReference; lastKnownFileType = sourcecode.swift; path = TipCalculatorUITests.swift; sourceTree = "<group>"; };
		189BF8761CBEFE3E0024AA9B /* Info.plist */ = {isa = PBXFileReference; lastKnownFileType = text.plist.xml; path = Info.plist; sourceTree = "<group>"; };
		189BF8821CBF02160024AA9B /* TipCalculator.swift */ = {isa = PBXFileReference; fileEncoding = 4; lastKnownFileType = sourcecode.swift; path = TipCalculator.swift; sourceTree = "<group>"; };
/* End PBXFileReference section */

/* Begin PBXFrameworksBuildPhase section */
		189BF84E1CBEFE3E0024AA9B /* Frameworks */ = {
			isa = PBXFrameworksBuildPhase;
			buildActionMask = 2147483647;
			files = (
			);
			runOnlyForDeploymentPostprocessing = 0;
		};
		189BF8621CBEFE3E0024AA9B /* Frameworks */ = {
			isa = PBXFrameworksBuildPhase;
			buildActionMask = 2147483647;
			files = (
			);
			runOnlyForDeploymentPostprocessing = 0;
		};
		189BF86D1CBEFE3E0024AA9B /* Frameworks */ = {
			isa = PBXFrameworksBuildPhase;
			buildActionMask = 2147483647;
			files = (
			);
			runOnlyForDeploymentPostprocessing = 0;
		};
/* End PBXFrameworksBuildPhase section */

/* Begin PBXGroup section */
		189BF8481CBEFE3E0024AA9B = {
			isa = PBXGroup;
			children = (
				189BF8531CBEFE3E0024AA9B /* TipCalculator */,
				189BF8681CBEFE3E0024AA9B /* TipCalculatorTests */,
				189BF8731CBEFE3E0024AA9B /* TipCalculatorUITests */,
				189BF8521CBEFE3E0024AA9B /* Products */,
			);
			sourceTree = "<group>";
		};
		189BF8521CBEFE3E0024AA9B /* Products */ = {
			isa = PBXGroup;
			children = (
				189BF8511CBEFE3E0024AA9B /* TipCalculator.app */,
				189BF8651CBEFE3E0024AA9B /* TipCalculatorTests.xctest */,
				189BF8701CBEFE3E0024AA9B /* TipCalculatorUITests.xctest */,
			);
			name = Products;
			sourceTree = "<group>";
		};
		189BF8531CBEFE3E0024AA9B /* TipCalculator */ = {
			isa = PBXGroup;
			children = (
				189BF8541CBEFE3E0024AA9B /* AppDelegate.swift */,
				189BF8561CBEFE3E0024AA9B /* ViewController.swift */,
				189BF8581CBEFE3E0024AA9B /* Main.storyboard */,
				189BF85B1CBEFE3E0024AA9B /* Assets.xcassets */,
				189BF85D1CBEFE3E0024AA9B /* LaunchScreen.storyboard */,
				189BF8601CBEFE3E0024AA9B /* Info.plist */,
				189BF8821CBF02160024AA9B /* TipCalculator.swift */,
			);
			path = TipCalculator;
			sourceTree = "<group>";
		};
		189BF8681CBEFE3E0024AA9B /* TipCalculatorTests */ = {
			isa = PBXGroup;
			children = (
				189BF8691CBEFE3E0024AA9B /* TipCalculatorTests.swift */,
				189BF86B1CBEFE3E0024AA9B /* Info.plist */,
			);
			path = TipCalculatorTests;
			sourceTree = "<group>";
		};
		189BF8731CBEFE3E0024AA9B /* TipCalculatorUITests */ = {
			isa = PBXGroup;
			children = (
				189BF8741CBEFE3E0024AA9B /* TipCalculatorUITests.swift */,
				189BF8761CBEFE3E0024AA9B /* Info.plist */,
			);
			path = TipCalculatorUITests;
			sourceTree = "<group>";
		};
/* End PBXGroup section */

/* Begin PBXNativeTarget section */
		189BF8501CBEFE3E0024AA9B /* TipCalculator */ = {
			isa = PBXNativeTarget;
			buildConfigurationList = 189BF8791CBEFE3E0024AA9B /* Build configuration list for PBXNativeTarget "TipCalculator" */;
			buildPhases = (
				189BF84D1CBEFE3E0024AA9B /* Sources */,
				189BF84E1CBEFE3E0024AA9B /* Frameworks */,
				189BF84F1CBEFE3E0024AA9B /* Resources */,
			);
			buildRules = (
			);
			dependencies = (
			);
			name = TipCalculator;
			productName = TipCalculator;
			productReference = 189BF8511CBEFE3E0024AA9B /* TipCalculator.app */;
			productType = "com.apple.product-type.application";
		};
		189BF8641CBEFE3E0024AA9B /* TipCalculatorTests */ = {
			isa = PBXNativeTarget;
			buildConfigurationList = 189BF87C1CBEFE3E0024AA9B /* Build configuration list for PBXNativeTarget "TipCalculatorTests" */;
			buildPhases = (
				189BF8611CBEFE3E0024AA9B /* Sources */,
				189BF8621CBEFE3E0024AA9B /* Frameworks */,
				189BF8631CBEFE3E0024AA9B /* Resources */,
			);
			buildRules = (
			);
			dependencies = (
				189BF8671CBEFE3E0024AA9B /* PBXTargetDependency */,
			);
			name = TipCalculatorTests;
			productName = TipCalculatorTests;
			productReference = 189BF8651CBEFE3E0024AA9B /* TipCalculatorTests.xctest */;
			productType = "com.apple.product-type.bundle.unit-test";
		};
		189BF86F1CBEFE3E0024AA9B /* TipCalculatorUITests */ = {
			isa = PBXNativeTarget;
			buildConfigurationList = 189BF87F1CBEFE3E0024AA9B /* Build configuration list for PBXNativeTarget "TipCalculatorUITests" */;
			buildPhases = (
				189BF86C1CBEFE3E0024AA9B /* Sources */,
				189BF86D1CBEFE3E0024AA9B /* Frameworks */,
				189BF86E1CBEFE3E0024AA9B /* Resources */,
			);
			buildRules = (
			);
			dependencies = (
				189BF8721CBEFE3E0024AA9B /* PBXTargetDependency */,
			);
			name = TipCalculatorUITests;
			productName = TipCalculatorUITests;
			productReference = 189BF8701CBEFE3E0024AA9B /* TipCalculatorUITests.xctest */;
			productType = "com.apple.product-type.bundle.ui-testing";
		};
/* End PBXNativeTarget section */

/* Begin PBXProject section */
		189BF8491CBEFE3E0024AA9B /* Project object */ = {
			isa = PBXProject;
			attributes = {
				LastSwiftUpdateCheck = 0730;
				LastUpgradeCheck = 0730;
				ORGANIZATIONNAME = "Cedulio Cezar";
				TargetAttributes = {
					189BF8501CBEFE3E0024AA9B = {
						CreatedOnToolsVersion = 7.3;
					};
					189BF8641CBEFE3E0024AA9B = {
						CreatedOnToolsVersion = 7.3;
						TestTargetID = 189BF8501CBEFE3E0024AA9B;
					};
					189BF86F1CBEFE3E0024AA9B = {
						CreatedOnToolsVersion = 7.3;
						TestTargetID = 189BF8501CBEFE3E0024AA9B;
					};
				};
			};
			buildConfigurationList = 189BF84C1CBEFE3E0024AA9B /* Build configuration list for PBXProject "TipCalculator" */;
			compatibilityVersion = "Xcode 3.2";
			developmentRegion = English;
			hasScannedForEncodings = 0;
			knownRegions = (
				en,
				Base,
			);
			mainGroup = 189BF8481CBEFE3E0024AA9B;
			productRefGroup = 189BF8521CBEFE3E0024AA9B /* Products */;
			projectDirPath = "";
			projectRoot = "";
			targets = (
				189BF8501CBEFE3E0024AA9B /* TipCalculator */,
				189BF8641CBEFE3E0024AA9B /* TipCalculatorTests */,
				189BF86F1CBEFE3E0024AA9B /* TipCalculatorUITests */,
			);
		};
/* End PBXProject section */

/* Begin PBXResourcesBuildPhase section */
		189BF84F1CBEFE3E0024AA9B /* Resources */ = {
			isa = PBXResourcesBuildPhase;
			buildActionMask = 2147483647;
			files = (
				189BF85F1CBEFE3E0024AA9B /* LaunchScreen.storyboard in Resources */,
				189BF85C1CBEFE3E0024AA9B /* Assets.xcassets in Resources */,
				189BF85A1CBEFE3E0024AA9B /* Main.storyboard in Resources */,
			);
			runOnlyForDeploymentPostprocessing = 0;
		};
		189BF8631CBEFE3E0024AA9B /* Resources */ = {
			isa = PBXResourcesBuildPhase;
			buildActionMask = 2147483647;
			files = (
			);
			runOnlyForDeploymentPostprocessing = 0;
		};
		189BF86E1CBEFE3E0024AA9B /* Resources */ = {
			isa = PBXResourcesBuildPhase;
			buildActionMask = 2147483647;
			files = (
			);
			runOnlyForDeploymentPostprocessing = 0;
		};
/* End PBXResourcesBuildPhase section */

/* Begin PBXSourcesBuildPhase section */
		189BF84D1CBEFE3E0024AA9B /* Sources */ = {
			isa = PBXSourcesBuildPhase;
			buildActionMask = 2147483647;
			files = (
				189BF8831CBF02160024AA9B /* TipCalculator.swift in Sources */,
				189BF8571CBEFE3E0024AA9B /* ViewController.swift in Sources */,
				189BF8551CBEFE3E0024AA9B /* AppDelegate.swift in Sources */,
			);
			runOnlyForDeploymentPostprocessing = 0;
		};
		189BF8611CBEFE3E0024AA9B /* Sources */ = {
			isa = PBXSourcesBuildPhase;
			buildActionMask = 2147483647;
			files = (
				189BF86A1CBEFE3E0024AA9B /* TipCalculatorTests.swift in Sources */,
			);
			runOnlyForDeploymentPostprocessing = 0;
		};
		189BF86C1CBEFE3E0024AA9B /* Sources */ = {
			isa = PBXSourcesBuildPhase;
			buildActionMask = 2147483647;
			files = (
				189BF8751CBEFE3E0024AA9B /* TipCalculatorUITests.swift in Sources */,
			);
			runOnlyForDeploymentPostprocessing = 0;
		};
/* End PBXSourcesBuildPhase section */

/* Begin PBXTargetDependency section */
		189BF8671CBEFE3E0024AA9B /* PBXTargetDependency */ = {
			isa = PBXTargetDependency;
			target = 189BF8501CBEFE3E0024AA9B /* TipCalculator */;
			targetProxy = 189BF8661CBEFE3E0024AA9B /* PBXContainerItemProxy */;
		};
		189BF8721CBEFE3E0024AA9B /* PBXTargetDependency */ = {
			isa = PBXTargetDependency;
			target = 189BF8501CBEFE3E0024AA9B /* TipCalculator */;
			targetProxy = 189BF8711CBEFE3E0024AA9B /* PBXContainerItemProxy */;
		};
/* End PBXTargetDependency section */

/* Begin PBXVariantGroup section */
		189BF8581CBEFE3E0024AA9B /* Main.storyboard */ = {
			isa = PBXVariantGroup;
			children = (
				189BF8591CBEFE3E0024AA9B /* Base */,
			);
			name = Main.storyboard;
			sourceTree = "<group>";
		};
		189BF85D1CBEFE3E0024AA9B /* LaunchScreen.storyboard */ = {
			isa = PBXVariantGroup;
			children = (
				189BF85E1CBEFE3E0024AA9B /* Base */,
			);
			name = LaunchScreen.storyboard;
			sourceTree = "<group>";
		};
/* End PBXVariantGroup section */

/* Begin XCBuildConfiguration section */
		189BF8771CBEFE3E0024AA9B /* Debug */ = {
			isa = XCBuildConfiguration;
			buildSettings = {
				ALWAYS_SEARCH_USER_PATHS = NO;
				CLANG_ANALYZER_NONNULL = YES;
				CLANG_CXX_LANGUAGE_STANDARD = "gnu++0x";
				CLANG_CXX_LIBRARY = "libc++";
				CLANG_ENABLE_MODULES = YES;
				CLANG_ENABLE_OBJC_ARC = YES;
				CLANG_WARN_BOOL_CONVERSION = YES;
				CLANG_WARN_CONSTANT_CONVERSION = YES;
				CLANG_WARN_DIRECT_OBJC_ISA_USAGE = YES_ERROR;
				CLANG_WARN_EMPTY_BODY = YES;
				CLANG_WARN_ENUM_CONVERSION = YES;
				CLANG_WARN_INT_CONVERSION = YES;
				CLANG_WARN_OBJC_ROOT_CLASS = YES_ERROR;
				CLANG_WARN_UNREACHABLE_CODE = YES;
				CLANG_WARN__DUPLICATE_METHOD_MATCH = YES;
				"CODE_SIGN_IDENTITY[sdk=iphoneos*]" = "iPhone Developer";
				COPY_PHASE_STRIP = NO;
				DEBUG_INFORMATION_FORMAT = dwarf;
				ENABLE_STRICT_OBJC_MSGSEND = YES;
				ENABLE_TESTABILITY = YES;
				GCC_C_LANGUAGE_STANDARD = gnu99;
				GCC_DYNAMIC_NO_PIC = NO;
				GCC_NO_COMMON_BLOCKS = YES;
				GCC_OPTIMIZATION_LEVEL = 0;
				GCC_PREPROCESSOR_DEFINITIONS = (
					"DEBUG=1",
					"$(inherited)",
				);
				GCC_WARN_64_TO_32_BIT_CONVERSION = YES;
				GCC_WARN_ABOUT_RETURN_TYPE = YES_ERROR;
				GCC_WARN_UNDECLARED_SELECTOR = YES;
				GCC_WARN_UNINITIALIZED_AUTOS = YES_AGGRESSIVE;
				GCC_WARN_UNUSED_FUNCTION = YES;
				GCC_WARN_UNUSED_VARIABLE = YES;
				IPHONEOS_DEPLOYMENT_TARGET = 9.3;
				MTL_ENABLE_DEBUG_INFO = YES;
				ONLY_ACTIVE_ARCH = YES;
				SDKROOT = iphoneos;
				SWIFT_OPTIMIZATION_LEVEL = "-Onone";
			};
			name = Debug;
		};
		189BF8781CBEFE3E0024AA9B /* Release */ = {
			isa = XCBuildConfiguration;
			buildSettings = {
				ALWAYS_SEARCH_USER_PATHS = NO;
				CLANG_ANALYZER_NONNULL = YES;
				CLANG_CXX_LANGUAGE_STANDARD = "gnu++0x";
				CLANG_CXX_LIBRARY = "libc++";
				CLANG_ENABLE_MODULES = YES;
				CLANG_ENABLE_OBJC_ARC = YES;
				CLANG_WARN_BOOL_CONVERSION = YES;
				CLANG_WARN_CONSTANT_CONVERSION = YES;
				CLANG_WARN_DIRECT_OBJC_ISA_USAGE = YES_ERROR;
				CLANG_WARN_EMPTY_BODY = YES;
				CLANG_WARN_ENUM_CONVERSION = YES;
				CLANG_WARN_INT_CONVERSION = YES;
				CLANG_WARN_OBJC_ROOT_CLASS = YES_ERROR;
				CLANG_WARN_UNREACHABLE_CODE = YES;
				CLANG_WARN__DUPLICATE_METHOD_MATCH = YES;
				"CODE_SIGN_IDENTITY[sdk=iphoneos*]" = "iPhone Developer";
				COPY_PHASE_STRIP = NO;
				DEBUG_INFORMATION_FORMAT = "dwarf-with-dsym";
				ENABLE_NS_ASSERTIONS = NO;
				ENABLE_STRICT_OBJC_MSGSEND = YES;
				GCC_C_LANGUAGE_STANDARD = gnu99;
				GCC_NO_COMMON_BLOCKS = YES;
				GCC_WARN_64_TO_32_BIT_CONVERSION = YES;
				GCC_WARN_ABOUT_RETURN_TYPE = YES_ERROR;
				GCC_WARN_UNDECLARED_SELECTOR = YES;
				GCC_WARN_UNINITIALIZED_AUTOS = YES_AGGRESSIVE;
				GCC_WARN_UNUSED_FUNCTION = YES;
				GCC_WARN_UNUSED_VARIABLE = YES;
				IPHONEOS_DEPLOYMENT_TARGET = 9.3;
				MTL_ENABLE_DEBUG_INFO = NO;
				SDKROOT = iphoneos;
				VALIDATE_PRODUCT = YES;
			};
			name = Release;
		};
		189BF87A1CBEFE3E0024AA9B /* Debug */ = {
			isa = XCBuildConfiguration;
			buildSettings = {
				ASSETCATALOG_COMPILER_APPICON_NAME = AppIcon;
				INFOPLIST_FILE = TipCalculator/Info.plist;
				LD_RUNPATH_SEARCH_PATHS = "$(inherited) @executable_path/Frameworks";
				PRODUCT_BUNDLE_IDENTIFIER = com.cedulio.TipCalculator;
				PRODUCT_NAME = "$(TARGET_NAME)";
			};
			name = Debug;
		};
		189BF87B1CBEFE3E0024AA9B /* Release */ = {
			isa = XCBuildConfiguration;
			buildSettings = {
				ASSETCATALOG_COMPILER_APPICON_NAME = AppIcon;
				INFOPLIST_FILE = TipCalculator/Info.plist;
				LD_RUNPATH_SEARCH_PATHS = "$(inherited) @executable_path/Frameworks";
				PRODUCT_BUNDLE_IDENTIFIER = com.cedulio.TipCalculator;
				PRODUCT_NAME = "$(TARGET_NAME)";
			};
			name = Release;
		};
		189BF87D1CBEFE3E0024AA9B /* Debug */ = {
			isa = XCBuildConfiguration;
			buildSettings = {
				BUNDLE_LOADER = "$(TEST_HOST)";
				INFOPLIST_FILE = TipCalculatorTests/Info.plist;
				LD_RUNPATH_SEARCH_PATHS = "$(inherited) @executable_path/Frameworks @loader_path/Frameworks";
				PRODUCT_BUNDLE_IDENTIFIER = com.cedulio.TipCalculatorTests;
				PRODUCT_NAME = "$(TARGET_NAME)";
				TEST_HOST = "$(BUILT_PRODUCTS_DIR)/TipCalculator.app/TipCalculator";
			};
			name = Debug;
		};
		189BF87E1CBEFE3E0024AA9B /* Release */ = {
			isa = XCBuildConfiguration;
			buildSettings = {
				BUNDLE_LOADER = "$(TEST_HOST)";
				INFOPLIST_FILE = TipCalculatorTests/Info.plist;
				LD_RUNPATH_SEARCH_PATHS = "$(inherited) @executable_path/Frameworks @loader_path/Frameworks";
				PRODUCT_BUNDLE_IDENTIFIER = com.cedulio.TipCalculatorTests;
				PRODUCT_NAME = "$(TARGET_NAME)";
				TEST_HOST = "$(BUILT_PRODUCTS_DIR)/TipCalculator.app/TipCalculator";
			};
			name = Release;
		};
		189BF8801CBEFE3E0024AA9B /* Debug */ = {
			isa = XCBuildConfiguration;
			buildSettings = {
				INFOPLIST_FILE = TipCalculatorUITests/Info.plist;
				LD_RUNPATH_SEARCH_PATHS = "$(inherited) @executable_path/Frameworks @loader_path/Frameworks";
				PRODUCT_BUNDLE_IDENTIFIER = com.cedulio.TipCalculatorUITests;
				PRODUCT_NAME = "$(TARGET_NAME)";
				TEST_TARGET_NAME = TipCalculator;
			};
			name = Debug;
		};
		189BF8811CBEFE3E0024AA9B /* Release */ = {
			isa = XCBuildConfiguration;
			buildSettings = {
				INFOPLIST_FILE = TipCalculatorUITests/Info.plist;
				LD_RUNPATH_SEARCH_PATHS = "$(inherited) @executable_path/Frameworks @loader_path/Frameworks";
				PRODUCT_BUNDLE_IDENTIFIER = com.cedulio.TipCalculatorUITests;
				PRODUCT_NAME = "$(TARGET_NAME)";
				TEST_TARGET_NAME = TipCalculator;
			};
			name = Release;
		};
/* End XCBuildConfiguration section */

/* Begin XCConfigurationList section */
		189BF84C1CBEFE3E0024AA9B /* Build configuration list for PBXProject "TipCalculator" */ = {
			isa = XCConfigurationList;
			buildConfigurations = (
				189BF8771CBEFE3E0024AA9B /* Debug */,
				189BF8781CBEFE3E0024AA9B /* Release */,
			);
			defaultConfigurationIsVisible = 0;
			defaultConfigurationName = Release;
		};
		189BF8791CBEFE3E0024AA9B /* Build configuration list for PBXNativeTarget "TipCalculator" */ = {
			isa = XCConfigurationList;
			buildConfigurations = (
				189BF87A1CBEFE3E0024AA9B /* Debug */,
				189BF87B1CBEFE3E0024AA9B /* Release */,
			);
			defaultConfigurationIsVisible = 0;
		};
		189BF87C1CBEFE3E0024AA9B /* Build configuration list for PBXNativeTarget "TipCalculatorTests" */ = {
			isa = XCConfigurationList;
			buildConfigurations = (
				189BF87D1CBEFE3E0024AA9B /* Debug */,
				189BF87E1CBEFE3E0024AA9B /* Release */,
			);
			defaultConfigurationIsVisible = 0;
		};
		189BF87F1CBEFE3E0024AA9B /* Build configuration list for PBXNativeTarget "TipCalculatorUITests" */ = {
			isa = XCConfigurationList;
			buildConfigurations = (
				189BF8801CBEFE3E0024AA9B /* Debug */,
				189BF8811CBEFE3E0024AA9B /* Release */,
			);
			defaultConfigurationIsVisible = 0;
		};
/* End XCConfigurationList section */
	};
	rootObject = 189BF8491CBEFE3E0024AA9B /* Project object */;
}
