// !$*UTF8*$!
{
	archiveVersion = 1;
	classes = {
	};
	objectVersion = 46;
	objects = {

/* Begin PBXBuildFile section */
		18B21A7B1CC16ADB00672EFC /* AppDelegate.swift in Sources */ = {isa = PBXBuildFile; fileRef = 18B21A7A1CC16ADB00672EFC /* AppDelegate.swift */; };
		18B21A7D1CC16ADB00672EFC /* ChecklistViewController.swift in Sources */ = {isa = PBXBuildFile; fileRef = 18B21A7C1CC16ADB00672EFC /* ChecklistViewController.swift */; };
		18B21A801CC16ADB00672EFC /* Main.storyboard in Resources */ = {isa = PBXBuildFile; fileRef = 18B21A7E1CC16ADB00672EFC /* Main.storyboard */; };
		18B21A821CC16ADB00672EFC /* Assets.xcassets in Resources */ = {isa = PBXBuildFile; fileRef = 18B21A811CC16ADB00672EFC /* Assets.xcassets */; };
		18B21A851CC16ADB00672EFC /* LaunchScreen.storyboard in Resources */ = {isa = PBXBuildFile; fileRef = 18B21A831CC16ADB00672EFC /* LaunchScreen.storyboard */; };
		18B21A8D1CC286FD00672EFC /* ChecklistItem.swift in Sources */ = {isa = PBXBuildFile; fileRef = 18B21A8C1CC286FD00672EFC /* ChecklistItem.swift */; };
		18B21A8F1CC2ADBB00672EFC /* AddItemViewController.swift in Sources */ = {isa = PBXBuildFile; fileRef = 18B21A8E1CC2ADBB00672EFC /* AddItemViewController.swift */; };
/* End PBXBuildFile section */

/* Begin PBXFileReference section */
		18B21A771CC16ADB00672EFC /* AwesomeLists.app */ = {isa = PBXFileReference; explicitFileType = wrapper.application; includeInIndex = 0; path = AwesomeLists.app; sourceTree = BUILT_PRODUCTS_DIR; };
		18B21A7A1CC16ADB00672EFC /* AppDelegate.swift */ = {isa = PBXFileReference; lastKnownFileType = sourcecode.swift; path = AppDelegate.swift; sourceTree = "<group>"; };
		18B21A7C1CC16ADB00672EFC /* ChecklistViewController.swift */ = {isa = PBXFileReference; lastKnownFileType = sourcecode.swift; path = ChecklistViewController.swift; sourceTree = "<group>"; };
		18B21A7F1CC16ADB00672EFC /* Base */ = {isa = PBXFileReference; lastKnownFileType = file.storyboard; name = Base; path = Base.lproj/Main.storyboard; sourceTree = "<group>"; };
		18B21A811CC16ADB00672EFC /* Assets.xcassets */ = {isa = PBXFileReference; lastKnownFileType = folder.assetcatalog; path = Assets.xcassets; sourceTree = "<group>"; };
		18B21A841CC16ADB00672EFC /* Base */ = {isa = PBXFileReference; lastKnownFileType = file.storyboard; name = Base; path = Base.lproj/LaunchScreen.storyboard; sourceTree = "<group>"; };
		18B21A861CC16ADB00672EFC /* Info.plist */ = {isa = PBXFileReference; lastKnownFileType = text.plist.xml; path = Info.plist; sourceTree = "<group>"; };
		18B21A8C1CC286FD00672EFC /* ChecklistItem.swift */ = {isa = PBXFileReference; fileEncoding = 4; lastKnownFileType = sourcecode.swift; path = ChecklistItem.swift; sourceTree = "<group>"; };
		18B21A8E1CC2ADBB00672EFC /* AddItemViewController.swift */ = {isa = PBXFileReference; fileEncoding = 4; lastKnownFileType = sourcecode.swift; path = AddItemViewController.swift; sourceTree = "<group>"; };
/* End PBXFileReference section */

/* Begin PBXFrameworksBuildPhase section */
		18B21A741CC16ADB00672EFC /* Frameworks */ = {
			isa = PBXFrameworksBuildPhase;
			buildActionMask = 2147483647;
			files = (
			);
			runOnlyForDeploymentPostprocessing = 0;
		};
/* End PBXFrameworksBuildPhase section */

/* Begin PBXGroup section */
		18B21A6E1CC16ADB00672EFC = {
			isa = PBXGroup;
			children = (
				18B21A791CC16ADB00672EFC /* AwesomeLists */,
				18B21A781CC16ADB00672EFC /* Products */,
			);
			sourceTree = "<group>";
		};
		18B21A781CC16ADB00672EFC /* Products */ = {
			isa = PBXGroup;
			children = (
				18B21A771CC16ADB00672EFC /* AwesomeLists.app */,
			);
			name = Products;
			sourceTree = "<group>";
		};
		18B21A791CC16ADB00672EFC /* AwesomeLists */ = {
			isa = PBXGroup;
			children = (
				18B21A7A1CC16ADB00672EFC /* AppDelegate.swift */,
				18B21A7C1CC16ADB00672EFC /* ChecklistViewController.swift */,
				18B21A7E1CC16ADB00672EFC /* Main.storyboard */,
				18B21A811CC16ADB00672EFC /* Assets.xcassets */,
				18B21A831CC16ADB00672EFC /* LaunchScreen.storyboard */,
				18B21A861CC16ADB00672EFC /* Info.plist */,
				18B21A8C1CC286FD00672EFC /* ChecklistItem.swift */,
				18B21A8E1CC2ADBB00672EFC /* AddItemViewController.swift */,
			);
			path = AwesomeLists;
			sourceTree = "<group>";
		};
/* End PBXGroup section */

/* Begin PBXNativeTarget section */
		18B21A761CC16ADB00672EFC /* AwesomeLists */ = {
			isa = PBXNativeTarget;
			buildConfigurationList = 18B21A891CC16ADB00672EFC /* Build configuration list for PBXNativeTarget "AwesomeLists" */;
			buildPhases = (
				18B21A731CC16ADB00672EFC /* Sources */,
				18B21A741CC16ADB00672EFC /* Frameworks */,
				18B21A751CC16ADB00672EFC /* Resources */,
			);
			buildRules = (
			);
			dependencies = (
			);
			name = AwesomeLists;
			productName = AwesomeLists;
			productReference = 18B21A771CC16ADB00672EFC /* AwesomeLists.app */;
			productType = "com.apple.product-type.application";
		};
/* End PBXNativeTarget section */

/* Begin PBXProject section */
		18B21A6F1CC16ADB00672EFC /* Project object */ = {
			isa = PBXProject;
			attributes = {
				LastSwiftUpdateCheck = 0730;
				LastUpgradeCheck = 0730;
				ORGANIZATIONNAME = "Cedulio Cezar";
				TargetAttributes = {
					18B21A761CC16ADB00672EFC = {
						CreatedOnToolsVersion = 7.3;
					};
				};
			};
			buildConfigurationList = 18B21A721CC16ADB00672EFC /* Build configuration list for PBXProject "AwesomeLists" */;
			compatibilityVersion = "Xcode 3.2";
			developmentRegion = English;
			hasScannedForEncodings = 0;
			knownRegions = (
				en,
				Base,
			);
			mainGroup = 18B21A6E1CC16ADB00672EFC;
			productRefGroup = 18B21A781CC16ADB00672EFC /* Products */;
			projectDirPath = "";
			projectRoot = "";
			targets = (
				18B21A761CC16ADB00672EFC /* AwesomeLists */,
			);
		};
/* End PBXProject section */

/* Begin PBXResourcesBuildPhase section */
		18B21A751CC16ADB00672EFC /* Resources */ = {
			isa = PBXResourcesBuildPhase;
			buildActionMask = 2147483647;
			files = (
				18B21A851CC16ADB00672EFC /* LaunchScreen.storyboard in Resources */,
				18B21A821CC16ADB00672EFC /* Assets.xcassets in Resources */,
				18B21A801CC16ADB00672EFC /* Main.storyboard in Resources */,
			);
			runOnlyForDeploymentPostprocessing = 0;
		};
/* End PBXResourcesBuildPhase section */

/* Begin PBXSourcesBuildPhase section */
		18B21A731CC16ADB00672EFC /* Sources */ = {
			isa = PBXSourcesBuildPhase;
			buildActionMask = 2147483647;
			files = (
				18B21A7D1CC16ADB00672EFC /* ChecklistViewController.swift in Sources */,
				18B21A8F1CC2ADBB00672EFC /* AddItemViewController.swift in Sources */,
				18B21A8D1CC286FD00672EFC /* ChecklistItem.swift in Sources */,
				18B21A7B1CC16ADB00672EFC /* AppDelegate.swift in Sources */,
			);
			runOnlyForDeploymentPostprocessing = 0;
		};
/* End PBXSourcesBuildPhase section */

/* Begin PBXVariantGroup section */
		18B21A7E1CC16ADB00672EFC /* Main.storyboard */ = {
			isa = PBXVariantGroup;
			children = (
				18B21A7F1CC16ADB00672EFC /* Base */,
			);
			name = Main.storyboard;
			sourceTree = "<group>";
		};
		18B21A831CC16ADB00672EFC /* LaunchScreen.storyboard */ = {
			isa = PBXVariantGroup;
			children = (
				18B21A841CC16ADB00672EFC /* Base */,
			);
			name = LaunchScreen.storyboard;
			sourceTree = "<group>";
		};
/* End PBXVariantGroup section */

/* Begin XCBuildConfiguration section */
		18B21A871CC16ADB00672EFC /* Debug */ = {
			isa = XCBuildConfiguration;
			buildSettings = {
				ALWAYS_SEARCH_USER_PATHS = NO;
				CLANG_ANALYZER_NONNULL = YES;
				CLANG_CXX_LANGUAGE_STANDARD = "gnu++0x";
				CLANG_CXX_LIBRARY = "libc++";
				CLANG_ENABLE_MODULES = YES;
				CLANG_ENABLE_OBJC_ARC = YES;
				CLANG_WARN_BOOL_CONVERSION = YES;
				CLANG_WARN_CONSTANT_CONVERSION = YES;
				CLANG_WARN_DIRECT_OBJC_ISA_USAGE = YES_ERROR;
				CLANG_WARN_EMPTY_BODY = YES;
				CLANG_WARN_ENUM_CONVERSION = YES;
				CLANG_WARN_INT_CONVERSION = YES;
				CLANG_WARN_OBJC_ROOT_CLASS = YES_ERROR;
				CLANG_WARN_UNREACHABLE_CODE = YES;
				CLANG_WARN__DUPLICATE_METHOD_MATCH = YES;
				"CODE_SIGN_IDENTITY[sdk=iphoneos*]" = "iPhone Developer";
				COPY_PHASE_STRIP = NO;
				DEBUG_INFORMATION_FORMAT = dwarf;
				ENABLE_STRICT_OBJC_MSGSEND = YES;
				ENABLE_TESTABILITY = YES;
				GCC_C_LANGUAGE_STANDARD = gnu99;
				GCC_DYNAMIC_NO_PIC = NO;
				GCC_NO_COMMON_BLOCKS = YES;
				GCC_OPTIMIZATION_LEVEL = 0;
				GCC_PREPROCESSOR_DEFINITIONS = (
					"DEBUG=1",
					"$(inherited)",
				);
				GCC_WARN_64_TO_32_BIT_CONVERSION = YES;
				GCC_WARN_ABOUT_RETURN_TYPE = YES_ERROR;
				GCC_WARN_UNDECLARED_SELECTOR = YES;
				GCC_WARN_UNINITIALIZED_AUTOS = YES_AGGRESSIVE;
				GCC_WARN_UNUSED_FUNCTION = YES;
				GCC_WARN_UNUSED_VARIABLE = YES;
				IPHONEOS_DEPLOYMENT_TARGET = 9.3;
				MTL_ENABLE_DEBUG_INFO = YES;
				ONLY_ACTIVE_ARCH = YES;
				SDKROOT = iphoneos;
				SWIFT_OPTIMIZATION_LEVEL = "-Onone";
			};
			name = Debug;
		};
		18B21A881CC16ADB00672EFC /* Release */ = {
			isa = XCBuildConfiguration;
			buildSettings = {
				ALWAYS_SEARCH_USER_PATHS = NO;
				CLANG_ANALYZER_NONNULL = YES;
				CLANG_CXX_LANGUAGE_STANDARD = "gnu++0x";
				CLANG_CXX_LIBRARY = "libc++";
				CLANG_ENABLE_MODULES = YES;
				CLANG_ENABLE_OBJC_ARC = YES;
				CLANG_WARN_BOOL_CONVERSION = YES;
				CLANG_WARN_CONSTANT_CONVERSION = YES;
				CLANG_WARN_DIRECT_OBJC_ISA_USAGE = YES_ERROR;
				CLANG_WARN_EMPTY_BODY = YES;
				CLANG_WARN_ENUM_CONVERSION = YES;
				CLANG_WARN_INT_CONVERSION = YES;
				CLANG_WARN_OBJC_ROOT_CLASS = YES_ERROR;
				CLANG_WARN_UNREACHABLE_CODE = YES;
				CLANG_WARN__DUPLICATE_METHOD_MATCH = YES;
				"CODE_SIGN_IDENTITY[sdk=iphoneos*]" = "iPhone Developer";
				COPY_PHASE_STRIP = NO;
				DEBUG_INFORMATION_FORMAT = "dwarf-with-dsym";
				ENABLE_NS_ASSERTIONS = NO;
				ENABLE_STRICT_OBJC_MSGSEND = YES;
				GCC_C_LANGUAGE_STANDARD = gnu99;
				GCC_NO_COMMON_BLOCKS = YES;
				GCC_WARN_64_TO_32_BIT_CONVERSION = YES;
				GCC_WARN_ABOUT_RETURN_TYPE = YES_ERROR;
				GCC_WARN_UNDECLARED_SELECTOR = YES;
				GCC_WARN_UNINITIALIZED_AUTOS = YES_AGGRESSIVE;
				GCC_WARN_UNUSED_FUNCTION = YES;
				GCC_WARN_UNUSED_VARIABLE = YES;
				IPHONEOS_DEPLOYMENT_TARGET = 9.3;
				MTL_ENABLE_DEBUG_INFO = NO;
				SDKROOT = iphoneos;
				VALIDATE_PRODUCT = YES;
			};
			name = Release;
		};
		18B21A8A1CC16ADB00672EFC /* Debug */ = {
			isa = XCBuildConfiguration;
			buildSettings = {
				ASSETCATALOG_COMPILER_APPICON_NAME = AppIcon;
				INFOPLIST_FILE = AwesomeLists/Info.plist;
				LD_RUNPATH_SEARCH_PATHS = "$(inherited) @executable_path/Frameworks";
				PRODUCT_BUNDLE_IDENTIFIER = com.cedulio.AwesomeLists;
				PRODUCT_NAME = "$(TARGET_NAME)";
			};
			name = Debug;
		};
		18B21A8B1CC16ADB00672EFC /* Release */ = {
			isa = XCBuildConfiguration;
			buildSettings = {
				ASSETCATALOG_COMPILER_APPICON_NAME = AppIcon;
				INFOPLIST_FILE = AwesomeLists/Info.plist;
				LD_RUNPATH_SEARCH_PATHS = "$(inherited) @executable_path/Frameworks";
				PRODUCT_BUNDLE_IDENTIFIER = com.cedulio.AwesomeLists;
				PRODUCT_NAME = "$(TARGET_NAME)";
			};
			name = Release;
		};
/* End XCBuildConfiguration section */

/* Begin XCConfigurationList section */
		18B21A721CC16ADB00672EFC /* Build configuration list for PBXProject "AwesomeLists" */ = {
			isa = XCConfigurationList;
			buildConfigurations = (
				18B21A871CC16ADB00672EFC /* Debug */,
				18B21A881CC16ADB00672EFC /* Release */,
			);
			defaultConfigurationIsVisible = 0;
			defaultConfigurationName = Release;
		};
		18B21A891CC16ADB00672EFC /* Build configuration list for PBXNativeTarget "AwesomeLists" */ = {
			isa = XCConfigurationList;
			buildConfigurations = (
				18B21A8A1CC16ADB00672EFC /* Debug */,
				18B21A8B1CC16ADB00672EFC /* Release */,
			);
			defaultConfigurationIsVisible = 0;
		};
/* End XCConfigurationList section */
	};
	rootObject = 18B21A6F1CC16ADB00672EFC /* Project object */;
}
