// !$*UTF8*$!
{
	archiveVersion = 1;
	classes = {
	};
	objectVersion = 46;
	objects = {

/* Begin PBXBuildFile section */
		18F87EDD1D36D50F001F9538 /* AppDelegate.swift in Sources */ = {isa = PBXBuildFile; fileRef = 18F87EDC1D36D50F001F9538 /* AppDelegate.swift */; };
		18F87EDF1D36D50F001F9538 /* ViewController.swift in Sources */ = {isa = PBXBuildFile; fileRef = 18F87EDE1D36D50F001F9538 /* ViewController.swift */; };
		18F87EE21D36D50F001F9538 /* Main.storyboard in Resources */ = {isa = PBXBuildFile; fileRef = 18F87EE01D36D50F001F9538 /* Main.storyboard */; };
		18F87EE41D36D50F001F9538 /* Assets.xcassets in Resources */ = {isa = PBXBuildFile; fileRef = 18F87EE31D36D50F001F9538 /* Assets.xcassets */; };
		18F87EE71D36D50F001F9538 /* LaunchScreen.storyboard in Resources */ = {isa = PBXBuildFile; fileRef = 18F87EE51D36D50F001F9538 /* LaunchScreen.storyboard */; };
		18F87EF21D36D50F001F9538 /* DisableConstraintsTests.swift in Sources */ = {isa = PBXBuildFile; fileRef = 18F87EF11D36D50F001F9538 /* DisableConstraintsTests.swift */; };
		18F87EFD1D36D50F001F9538 /* DisableConstraintsUITests.swift in Sources */ = {isa = PBXBuildFile; fileRef = 18F87EFC1D36D50F001F9538 /* DisableConstraintsUITests.swift */; };
/* End PBXBuildFile section */

/* Begin PBXContainerItemProxy section */
		18F87EEE1D36D50F001F9538 /* PBXContainerItemProxy */ = {
			isa = PBXContainerItemProxy;
			containerPortal = 18F87ED11D36D50F001F9538 /* Project object */;
			proxyType = 1;
			remoteGlobalIDString = 18F87ED81D36D50F001F9538;
			remoteInfo = DisableConstraints;
		};
		18F87EF91D36D50F001F9538 /* PBXContainerItemProxy */ = {
			isa = PBXContainerItemProxy;
			containerPortal = 18F87ED11D36D50F001F9538 /* Project object */;
			proxyType = 1;
			remoteGlobalIDString = 18F87ED81D36D50F001F9538;
			remoteInfo = DisableConstraints;
		};
/* End PBXContainerItemProxy section */

/* Begin PBXFileReference section */
		18F87ED91D36D50F001F9538 /* DisableConstraints.app */ = {isa = PBXFileReference; explicitFileType = wrapper.application; includeInIndex = 0; path = DisableConstraints.app; sourceTree = BUILT_PRODUCTS_DIR; };
		18F87EDC1D36D50F001F9538 /* AppDelegate.swift */ = {isa = PBXFileReference; lastKnownFileType = sourcecode.swift; path = AppDelegate.swift; sourceTree = "<group>"; };
		18F87EDE1D36D50F001F9538 /* ViewController.swift */ = {isa = PBXFileReference; lastKnownFileType = sourcecode.swift; path = ViewController.swift; sourceTree = "<group>"; };
		18F87EE11D36D50F001F9538 /* Base */ = {isa = PBXFileReference; lastKnownFileType = file.storyboard; name = Base; path = Base.lproj/Main.storyboard; sourceTree = "<group>"; };
		18F87EE31D36D50F001F9538 /* Assets.xcassets */ = {isa = PBXFileReference; lastKnownFileType = folder.assetcatalog; path = Assets.xcassets; sourceTree = "<group>"; };
		18F87EE61D36D50F001F9538 /* Base */ = {isa = PBXFileReference; lastKnownFileType = file.storyboard; name = Base; path = Base.lproj/LaunchScreen.storyboard; sourceTree = "<group>"; };
		18F87EE81D36D50F001F9538 /* Info.plist */ = {isa = PBXFileReference; lastKnownFileType = text.plist.xml; path = Info.plist; sourceTree = "<group>"; };
		18F87EED1D36D50F001F9538 /* DisableConstraintsTests.xctest */ = {isa = PBXFileReference; explicitFileType = wrapper.cfbundle; includeInIndex = 0; path = DisableConstraintsTests.xctest; sourceTree = BUILT_PRODUCTS_DIR; };
		18F87EF11D36D50F001F9538 /* DisableConstraintsTests.swift */ = {isa = PBXFileReference; lastKnownFileType = sourcecode.swift; path = DisableConstraintsTests.swift; sourceTree = "<group>"; };
		18F87EF31D36D50F001F9538 /* Info.plist */ = {isa = PBXFileReference; lastKnownFileType = text.plist.xml; path = Info.plist; sourceTree = "<group>"; };
		18F87EF81D36D50F001F9538 /* DisableConstraintsUITests.xctest */ = {isa = PBXFileReference; explicitFileType = wrapper.cfbundle; includeInIndex = 0; path = DisableConstraintsUITests.xctest; sourceTree = BUILT_PRODUCTS_DIR; };
		18F87EFC1D36D50F001F9538 /* DisableConstraintsUITests.swift */ = {isa = PBXFileReference; lastKnownFileType = sourcecode.swift; path = DisableConstraintsUITests.swift; sourceTree = "<group>"; };
		18F87EFE1D36D50F001F9538 /* Info.plist */ = {isa = PBXFileReference; lastKnownFileType = text.plist.xml; path = Info.plist; sourceTree = "<group>"; };
/* End PBXFileReference section */

/* Begin PBXFrameworksBuildPhase section */
		18F87ED61D36D50F001F9538 /* Frameworks */ = {
			isa = PBXFrameworksBuildPhase;
			buildActionMask = 2147483647;
			files = (
			);
			runOnlyForDeploymentPostprocessing = 0;
		};
		18F87EEA1D36D50F001F9538 /* Frameworks */ = {
			isa = PBXFrameworksBuildPhase;
			buildActionMask = 2147483647;
			files = (
			);
			runOnlyForDeploymentPostprocessing = 0;
		};
		18F87EF51D36D50F001F9538 /* Frameworks */ = {
			isa = PBXFrameworksBuildPhase;
			buildActionMask = 2147483647;
			files = (
			);
			runOnlyForDeploymentPostprocessing = 0;
		};
/* End PBXFrameworksBuildPhase section */

/* Begin PBXGroup section */
		18F87ED01D36D50F001F9538 = {
			isa = PBXGroup;
			children = (
				18F87EDB1D36D50F001F9538 /* DisableConstraints */,
				18F87EF01D36D50F001F9538 /* DisableConstraintsTests */,
				18F87EFB1D36D50F001F9538 /* DisableConstraintsUITests */,
				18F87EDA1D36D50F001F9538 /* Products */,
			);
			sourceTree = "<group>";
		};
		18F87EDA1D36D50F001F9538 /* Products */ = {
			isa = PBXGroup;
			children = (
				18F87ED91D36D50F001F9538 /* DisableConstraints.app */,
				18F87EED1D36D50F001F9538 /* DisableConstraintsTests.xctest */,
				18F87EF81D36D50F001F9538 /* DisableConstraintsUITests.xctest */,
			);
			name = Products;
			sourceTree = "<group>";
		};
		18F87EDB1D36D50F001F9538 /* DisableConstraints */ = {
			isa = PBXGroup;
			children = (
				18F87EDC1D36D50F001F9538 /* AppDelegate.swift */,
				18F87EDE1D36D50F001F9538 /* ViewController.swift */,
				18F87EE01D36D50F001F9538 /* Main.storyboard */,
				18F87EE31D36D50F001F9538 /* Assets.xcassets */,
				18F87EE51D36D50F001F9538 /* LaunchScreen.storyboard */,
				18F87EE81D36D50F001F9538 /* Info.plist */,
			);
			path = DisableConstraints;
			sourceTree = "<group>";
		};
		18F87EF01D36D50F001F9538 /* DisableConstraintsTests */ = {
			isa = PBXGroup;
			children = (
				18F87EF11D36D50F001F9538 /* DisableConstraintsTests.swift */,
				18F87EF31D36D50F001F9538 /* Info.plist */,
			);
			path = DisableConstraintsTests;
			sourceTree = "<group>";
		};
		18F87EFB1D36D50F001F9538 /* DisableConstraintsUITests */ = {
			isa = PBXGroup;
			children = (
				18F87EFC1D36D50F001F9538 /* DisableConstraintsUITests.swift */,
				18F87EFE1D36D50F001F9538 /* Info.plist */,
			);
			path = DisableConstraintsUITests;
			sourceTree = "<group>";
		};
/* End PBXGroup section */

/* Begin PBXNativeTarget section */
		18F87ED81D36D50F001F9538 /* DisableConstraints */ = {
			isa = PBXNativeTarget;
			buildConfigurationList = 18F87F011D36D50F001F9538 /* Build configuration list for PBXNativeTarget "DisableConstraints" */;
			buildPhases = (
				18F87ED51D36D50F001F9538 /* Sources */,
				18F87ED61D36D50F001F9538 /* Frameworks */,
				18F87ED71D36D50F001F9538 /* Resources */,
			);
			buildRules = (
			);
			dependencies = (
			);
			name = DisableConstraints;
			productName = DisableConstraints;
			productReference = 18F87ED91D36D50F001F9538 /* DisableConstraints.app */;
			productType = "com.apple.product-type.application";
		};
		18F87EEC1D36D50F001F9538 /* DisableConstraintsTests */ = {
			isa = PBXNativeTarget;
			buildConfigurationList = 18F87F041D36D50F001F9538 /* Build configuration list for PBXNativeTarget "DisableConstraintsTests" */;
			buildPhases = (
				18F87EE91D36D50F001F9538 /* Sources */,
				18F87EEA1D36D50F001F9538 /* Frameworks */,
				18F87EEB1D36D50F001F9538 /* Resources */,
			);
			buildRules = (
			);
			dependencies = (
				18F87EEF1D36D50F001F9538 /* PBXTargetDependency */,
			);
			name = DisableConstraintsTests;
			productName = DisableConstraintsTests;
			productReference = 18F87EED1D36D50F001F9538 /* DisableConstraintsTests.xctest */;
			productType = "com.apple.product-type.bundle.unit-test";
		};
		18F87EF71D36D50F001F9538 /* DisableConstraintsUITests */ = {
			isa = PBXNativeTarget;
			buildConfigurationList = 18F87F071D36D50F001F9538 /* Build configuration list for PBXNativeTarget "DisableConstraintsUITests" */;
			buildPhases = (
				18F87EF41D36D50F001F9538 /* Sources */,
				18F87EF51D36D50F001F9538 /* Frameworks */,
				18F87EF61D36D50F001F9538 /* Resources */,
			);
			buildRules = (
			);
			dependencies = (
				18F87EFA1D36D50F001F9538 /* PBXTargetDependency */,
			);
			name = DisableConstraintsUITests;
			productName = DisableConstraintsUITests;
			productReference = 18F87EF81D36D50F001F9538 /* DisableConstraintsUITests.xctest */;
			productType = "com.apple.product-type.bundle.ui-testing";
		};
/* End PBXNativeTarget section */

/* Begin PBXProject section */
		18F87ED11D36D50F001F9538 /* Project object */ = {
			isa = PBXProject;
			attributes = {
				LastSwiftUpdateCheck = 0730;
				LastUpgradeCheck = 0730;
				ORGANIZATIONNAME = "Cedulio Cezar";
				TargetAttributes = {
					18F87ED81D36D50F001F9538 = {
						CreatedOnToolsVersion = 7.3.1;
					};
					18F87EEC1D36D50F001F9538 = {
						CreatedOnToolsVersion = 7.3.1;
						TestTargetID = 18F87ED81D36D50F001F9538;
					};
					18F87EF71D36D50F001F9538 = {
						CreatedOnToolsVersion = 7.3.1;
						TestTargetID = 18F87ED81D36D50F001F9538;
					};
				};
			};
			buildConfigurationList = 18F87ED41D36D50F001F9538 /* Build configuration list for PBXProject "DisableConstraints" */;
			compatibilityVersion = "Xcode 3.2";
			developmentRegion = English;
			hasScannedForEncodings = 0;
			knownRegions = (
				en,
				Base,
			);
			mainGroup = 18F87ED01D36D50F001F9538;
			productRefGroup = 18F87EDA1D36D50F001F9538 /* Products */;
			projectDirPath = "";
			projectRoot = "";
			targets = (
				18F87ED81D36D50F001F9538 /* DisableConstraints */,
				18F87EEC1D36D50F001F9538 /* DisableConstraintsTests */,
				18F87EF71D36D50F001F9538 /* DisableConstraintsUITests */,
			);
		};
/* End PBXProject section */

/* Begin PBXResourcesBuildPhase section */
		18F87ED71D36D50F001F9538 /* Resources */ = {
			isa = PBXResourcesBuildPhase;
			buildActionMask = 2147483647;
			files = (
				18F87EE71D36D50F001F9538 /* LaunchScreen.storyboard in Resources */,
				18F87EE41D36D50F001F9538 /* Assets.xcassets in Resources */,
				18F87EE21D36D50F001F9538 /* Main.storyboard in Resources */,
			);
			runOnlyForDeploymentPostprocessing = 0;
		};
		18F87EEB1D36D50F001F9538 /* Resources */ = {
			isa = PBXResourcesBuildPhase;
			buildActionMask = 2147483647;
			files = (
			);
			runOnlyForDeploymentPostprocessing = 0;
		};
		18F87EF61D36D50F001F9538 /* Resources */ = {
			isa = PBXResourcesBuildPhase;
			buildActionMask = 2147483647;
			files = (
			);
			runOnlyForDeploymentPostprocessing = 0;
		};
/* End PBXResourcesBuildPhase section */

/* Begin PBXSourcesBuildPhase section */
		18F87ED51D36D50F001F9538 /* Sources */ = {
			isa = PBXSourcesBuildPhase;
			buildActionMask = 2147483647;
			files = (
				18F87EDF1D36D50F001F9538 /* ViewController.swift in Sources */,
				18F87EDD1D36D50F001F9538 /* AppDelegate.swift in Sources */,
			);
			runOnlyForDeploymentPostprocessing = 0;
		};
		18F87EE91D36D50F001F9538 /* Sources */ = {
			isa = PBXSourcesBuildPhase;
			buildActionMask = 2147483647;
			files = (
				18F87EF21D36D50F001F9538 /* DisableConstraintsTests.swift in Sources */,
			);
			runOnlyForDeploymentPostprocessing = 0;
		};
		18F87EF41D36D50F001F9538 /* Sources */ = {
			isa = PBXSourcesBuildPhase;
			buildActionMask = 2147483647;
			files = (
				18F87EFD1D36D50F001F9538 /* DisableConstraintsUITests.swift in Sources */,
			);
			runOnlyForDeploymentPostprocessing = 0;
		};
/* End PBXSourcesBuildPhase section */

/* Begin PBXTargetDependency section */
		18F87EEF1D36D50F001F9538 /* PBXTargetDependency */ = {
			isa = PBXTargetDependency;
			target = 18F87ED81D36D50F001F9538 /* DisableConstraints */;
			targetProxy = 18F87EEE1D36D50F001F9538 /* PBXContainerItemProxy */;
		};
		18F87EFA1D36D50F001F9538 /* PBXTargetDependency */ = {
			isa = PBXTargetDependency;
			target = 18F87ED81D36D50F001F9538 /* DisableConstraints */;
			targetProxy = 18F87EF91D36D50F001F9538 /* PBXContainerItemProxy */;
		};
/* End PBXTargetDependency section */

/* Begin PBXVariantGroup section */
		18F87EE01D36D50F001F9538 /* Main.storyboard */ = {
			isa = PBXVariantGroup;
			children = (
				18F87EE11D36D50F001F9538 /* Base */,
			);
			name = Main.storyboard;
			sourceTree = "<group>";
		};
		18F87EE51D36D50F001F9538 /* LaunchScreen.storyboard */ = {
			isa = PBXVariantGroup;
			children = (
				18F87EE61D36D50F001F9538 /* Base */,
			);
			name = LaunchScreen.storyboard;
			sourceTree = "<group>";
		};
/* End PBXVariantGroup section */

/* Begin XCBuildConfiguration section */
		18F87EFF1D36D50F001F9538 /* Debug */ = {
			isa = XCBuildConfiguration;
			buildSettings = {
				ALWAYS_SEARCH_USER_PATHS = NO;
				CLANG_ANALYZER_NONNULL = YES;
				CLANG_CXX_LANGUAGE_STANDARD = "gnu++0x";
				CLANG_CXX_LIBRARY = "libc++";
				CLANG_ENABLE_MODULES = YES;
				CLANG_ENABLE_OBJC_ARC = YES;
				CLANG_WARN_BOOL_CONVERSION = YES;
				CLANG_WARN_CONSTANT_CONVERSION = YES;
				CLANG_WARN_DIRECT_OBJC_ISA_USAGE = YES_ERROR;
				CLANG_WARN_EMPTY_BODY = YES;
				CLANG_WARN_ENUM_CONVERSION = YES;
				CLANG_WARN_INT_CONVERSION = YES;
				CLANG_WARN_OBJC_ROOT_CLASS = YES_ERROR;
				CLANG_WARN_UNREACHABLE_CODE = YES;
				CLANG_WARN__DUPLICATE_METHOD_MATCH = YES;
				"CODE_SIGN_IDENTITY[sdk=iphoneos*]" = "iPhone Developer";
				COPY_PHASE_STRIP = NO;
				DEBUG_INFORMATION_FORMAT = dwarf;
				ENABLE_STRICT_OBJC_MSGSEND = YES;
				ENABLE_TESTABILITY = YES;
				GCC_C_LANGUAGE_STANDARD = gnu99;
				GCC_DYNAMIC_NO_PIC = NO;
				GCC_NO_COMMON_BLOCKS = YES;
				GCC_OPTIMIZATION_LEVEL = 0;
				GCC_PREPROCESSOR_DEFINITIONS = (
					"DEBUG=1",
					"$(inherited)",
				);
				GCC_WARN_64_TO_32_BIT_CONVERSION = YES;
				GCC_WARN_ABOUT_RETURN_TYPE = YES_ERROR;
				GCC_WARN_UNDECLARED_SELECTOR = YES;
				GCC_WARN_UNINITIALIZED_AUTOS = YES_AGGRESSIVE;
				GCC_WARN_UNUSED_FUNCTION = YES;
				GCC_WARN_UNUSED_VARIABLE = YES;
				IPHONEOS_DEPLOYMENT_TARGET = 9.3;
				MTL_ENABLE_DEBUG_INFO = YES;
				ONLY_ACTIVE_ARCH = YES;
				SDKROOT = iphoneos;
				SWIFT_OPTIMIZATION_LEVEL = "-Onone";
				TARGETED_DEVICE_FAMILY = "1,2";
			};
			name = Debug;
		};
		18F87F001D36D50F001F9538 /* Release */ = {
			isa = XCBuildConfiguration;
			buildSettings = {
				ALWAYS_SEARCH_USER_PATHS = NO;
				CLANG_ANALYZER_NONNULL = YES;
				CLANG_CXX_LANGUAGE_STANDARD = "gnu++0x";
				CLANG_CXX_LIBRARY = "libc++";
				CLANG_ENABLE_MODULES = YES;
				CLANG_ENABLE_OBJC_ARC = YES;
				CLANG_WARN_BOOL_CONVERSION = YES;
				CLANG_WARN_CONSTANT_CONVERSION = YES;
				CLANG_WARN_DIRECT_OBJC_ISA_USAGE = YES_ERROR;
				CLANG_WARN_EMPTY_BODY = YES;
				CLANG_WARN_ENUM_CONVERSION = YES;
				CLANG_WARN_INT_CONVERSION = YES;
				CLANG_WARN_OBJC_ROOT_CLASS = YES_ERROR;
				CLANG_WARN_UNREACHABLE_CODE = YES;
				CLANG_WARN__DUPLICATE_METHOD_MATCH = YES;
				"CODE_SIGN_IDENTITY[sdk=iphoneos*]" = "iPhone Developer";
				COPY_PHASE_STRIP = NO;
				DEBUG_INFORMATION_FORMAT = "dwarf-with-dsym";
				ENABLE_NS_ASSERTIONS = NO;
				ENABLE_STRICT_OBJC_MSGSEND = YES;
				GCC_C_LANGUAGE_STANDARD = gnu99;
				GCC_NO_COMMON_BLOCKS = YES;
				GCC_WARN_64_TO_32_BIT_CONVERSION = YES;
				GCC_WARN_ABOUT_RETURN_TYPE = YES_ERROR;
				GCC_WARN_UNDECLARED_SELECTOR = YES;
				GCC_WARN_UNINITIALIZED_AUTOS = YES_AGGRESSIVE;
				GCC_WARN_UNUSED_FUNCTION = YES;
				GCC_WARN_UNUSED_VARIABLE = YES;
				IPHONEOS_DEPLOYMENT_TARGET = 9.3;
				MTL_ENABLE_DEBUG_INFO = NO;
				SDKROOT = iphoneos;
				TARGETED_DEVICE_FAMILY = "1,2";
				VALIDATE_PRODUCT = YES;
			};
			name = Release;
		};
		18F87F021D36D50F001F9538 /* Debug */ = {
			isa = XCBuildConfiguration;
			buildSettings = {
				ASSETCATALOG_COMPILER_APPICON_NAME = AppIcon;
				INFOPLIST_FILE = DisableConstraints/Info.plist;
				LD_RUNPATH_SEARCH_PATHS = "$(inherited) @executable_path/Frameworks";
				PRODUCT_BUNDLE_IDENTIFIER = com.ceduliocezar.DisableConstraints;
				PRODUCT_NAME = "$(TARGET_NAME)";
			};
			name = Debug;
		};
		18F87F031D36D50F001F9538 /* Release */ = {
			isa = XCBuildConfiguration;
			buildSettings = {
				ASSETCATALOG_COMPILER_APPICON_NAME = AppIcon;
				INFOPLIST_FILE = DisableConstraints/Info.plist;
				LD_RUNPATH_SEARCH_PATHS = "$(inherited) @executable_path/Frameworks";
				PRODUCT_BUNDLE_IDENTIFIER = com.ceduliocezar.DisableConstraints;
				PRODUCT_NAME = "$(TARGET_NAME)";
			};
			name = Release;
		};
		18F87F051D36D50F001F9538 /* Debug */ = {
			isa = XCBuildConfiguration;
			buildSettings = {
				BUNDLE_LOADER = "$(TEST_HOST)";
				INFOPLIST_FILE = DisableConstraintsTests/Info.plist;
				LD_RUNPATH_SEARCH_PATHS = "$(inherited) @executable_path/Frameworks @loader_path/Frameworks";
				PRODUCT_BUNDLE_IDENTIFIER = com.ceduliocezar.DisableConstraintsTests;
				PRODUCT_NAME = "$(TARGET_NAME)";
				TEST_HOST = "$(BUILT_PRODUCTS_DIR)/DisableConstraints.app/DisableConstraints";
			};
			name = Debug;
		};
		18F87F061D36D50F001F9538 /* Release */ = {
			isa = XCBuildConfiguration;
			buildSettings = {
				BUNDLE_LOADER = "$(TEST_HOST)";
				INFOPLIST_FILE = DisableConstraintsTests/Info.plist;
				LD_RUNPATH_SEARCH_PATHS = "$(inherited) @executable_path/Frameworks @loader_path/Frameworks";
				PRODUCT_BUNDLE_IDENTIFIER = com.ceduliocezar.DisableConstraintsTests;
				PRODUCT_NAME = "$(TARGET_NAME)";
				TEST_HOST = "$(BUILT_PRODUCTS_DIR)/DisableConstraints.app/DisableConstraints";
			};
			name = Release;
		};
		18F87F081D36D50F001F9538 /* Debug */ = {
			isa = XCBuildConfiguration;
			buildSettings = {
				INFOPLIST_FILE = DisableConstraintsUITests/Info.plist;
				LD_RUNPATH_SEARCH_PATHS = "$(inherited) @executable_path/Frameworks @loader_path/Frameworks";
				PRODUCT_BUNDLE_IDENTIFIER = com.ceduliocezar.DisableConstraintsUITests;
				PRODUCT_NAME = "$(TARGET_NAME)";
				TEST_TARGET_NAME = DisableConstraints;
			};
			name = Debug;
		};
		18F87F091D36D50F001F9538 /* Release */ = {
			isa = XCBuildConfiguration;
			buildSettings = {
				INFOPLIST_FILE = DisableConstraintsUITests/Info.plist;
				LD_RUNPATH_SEARCH_PATHS = "$(inherited) @executable_path/Frameworks @loader_path/Frameworks";
				PRODUCT_BUNDLE_IDENTIFIER = com.ceduliocezar.DisableConstraintsUITests;
				PRODUCT_NAME = "$(TARGET_NAME)";
				TEST_TARGET_NAME = DisableConstraints;
			};
			name = Release;
		};
/* End XCBuildConfiguration section */

/* Begin XCConfigurationList section */
		18F87ED41D36D50F001F9538 /* Build configuration list for PBXProject "DisableConstraints" */ = {
			isa = XCConfigurationList;
			buildConfigurations = (
				18F87EFF1D36D50F001F9538 /* Debug */,
				18F87F001D36D50F001F9538 /* Release */,
			);
			defaultConfigurationIsVisible = 0;
			defaultConfigurationName = Release;
		};
		18F87F011D36D50F001F9538 /* Build configuration list for PBXNativeTarget "DisableConstraints" */ = {
			isa = XCConfigurationList;
			buildConfigurations = (
				18F87F021D36D50F001F9538 /* Debug */,
				18F87F031D36D50F001F9538 /* Release */,
			);
			defaultConfigurationIsVisible = 0;
		};
		18F87F041D36D50F001F9538 /* Build configuration list for PBXNativeTarget "DisableConstraintsTests" */ = {
			isa = XCConfigurationList;
			buildConfigurations = (
				18F87F051D36D50F001F9538 /* Debug */,
				18F87F061D36D50F001F9538 /* Release */,
			);
			defaultConfigurationIsVisible = 0;
		};
		18F87F071D36D50F001F9538 /* Build configuration list for PBXNativeTarget "DisableConstraintsUITests" */ = {
			isa = XCConfigurationList;
			buildConfigurations = (
				18F87F081D36D50F001F9538 /* Debug */,
				18F87F091D36D50F001F9538 /* Release */,
			);
			defaultConfigurationIsVisible = 0;
		};
/* End XCConfigurationList section */
	};
	rootObject = 18F87ED11D36D50F001F9538 /* Project object */;
}
